// !$*UTF8*$!
{
	archiveVersion = 1;
	classes = {
	};
	objectVersion = 46;
	objects = {

/* Begin PBXBuildFile section */
		35128E8F1C05B00B001364DB /* ALAccount.m in Sources */ = {isa = PBXBuildFile; fileRef = 35128E8E1C05B00B001364DB /* ALAccount.m */; };
		3516C78C1C049CBC007237B4 /* AFHTTPRequestOperation.m in Sources */ = {isa = PBXBuildFile; fileRef = 3516C7211C049CBC007237B4 /* AFHTTPRequestOperation.m */; };
		3516C78D1C049CBC007237B4 /* AFHTTPRequestOperationManager.m in Sources */ = {isa = PBXBuildFile; fileRef = 3516C7231C049CBC007237B4 /* AFHTTPRequestOperationManager.m */; };
		3516C78E1C049CBC007237B4 /* AFHTTPSessionManager.m in Sources */ = {isa = PBXBuildFile; fileRef = 3516C7251C049CBC007237B4 /* AFHTTPSessionManager.m */; };
		3516C78F1C049CBC007237B4 /* AFNetworkReachabilityManager.m in Sources */ = {isa = PBXBuildFile; fileRef = 3516C7281C049CBC007237B4 /* AFNetworkReachabilityManager.m */; };
		3516C7901C049CBC007237B4 /* AFSecurityPolicy.m in Sources */ = {isa = PBXBuildFile; fileRef = 3516C72A1C049CBC007237B4 /* AFSecurityPolicy.m */; };
		3516C7911C049CBC007237B4 /* AFURLConnectionOperation.m in Sources */ = {isa = PBXBuildFile; fileRef = 3516C72C1C049CBC007237B4 /* AFURLConnectionOperation.m */; };
		3516C7921C049CBC007237B4 /* AFURLRequestSerialization.m in Sources */ = {isa = PBXBuildFile; fileRef = 3516C72E1C049CBC007237B4 /* AFURLRequestSerialization.m */; };
		3516C7931C049CBC007237B4 /* AFURLResponseSerialization.m in Sources */ = {isa = PBXBuildFile; fileRef = 3516C7301C049CBC007237B4 /* AFURLResponseSerialization.m */; };
		3516C7941C049CBC007237B4 /* AFURLSessionManager.m in Sources */ = {isa = PBXBuildFile; fileRef = 3516C7321C049CBC007237B4 /* AFURLSessionManager.m */; };
		3516C7951C049CBC007237B4 /* MBProgressHUD+MJ.m in Sources */ = {isa = PBXBuildFile; fileRef = 3516C7351C049CBC007237B4 /* MBProgressHUD+MJ.m */; };
		3516C7961C049CBC007237B4 /* MBProgressHUD.bundle in Resources */ = {isa = PBXBuildFile; fileRef = 3516C7361C049CBC007237B4 /* MBProgressHUD.bundle */; };
		3516C7971C049CBC007237B4 /* MBProgressHUD.m in Sources */ = {isa = PBXBuildFile; fileRef = 3516C7381C049CBC007237B4 /* MBProgressHUD.m */; };
		3516C7981C049CBC007237B4 /* MJConst.m in Sources */ = {isa = PBXBuildFile; fileRef = 3516C73B1C049CBC007237B4 /* MJConst.m */; };
		3516C7991C049CBC007237B4 /* MJFoundation.m in Sources */ = {isa = PBXBuildFile; fileRef = 3516C73E1C049CBC007237B4 /* MJFoundation.m */; };
		3516C79A1C049CBC007237B4 /* MJIvar.m in Sources */ = {isa = PBXBuildFile; fileRef = 3516C7401C049CBC007237B4 /* MJIvar.m */; };
		3516C79B1C049CBC007237B4 /* MJType.m in Sources */ = {isa = PBXBuildFile; fileRef = 3516C7421C049CBC007237B4 /* MJType.m */; };
		3516C79C1C049CBC007237B4 /* NSObject+MJCoding.m in Sources */ = {isa = PBXBuildFile; fileRef = 3516C7441C049CBC007237B4 /* NSObject+MJCoding.m */; };
		3516C79D1C049CBC007237B4 /* NSObject+MJIvar.m in Sources */ = {isa = PBXBuildFile; fileRef = 3516C7461C049CBC007237B4 /* NSObject+MJIvar.m */; };
		3516C79E1C049CBD007237B4 /* NSObject+MJKeyValue.m in Sources */ = {isa = PBXBuildFile; fileRef = 3516C7481C049CBC007237B4 /* NSObject+MJKeyValue.m */; };
		3516C79F1C049CBD007237B4 /* MJPhoto.m in Sources */ = {isa = PBXBuildFile; fileRef = 3516C74B1C049CBC007237B4 /* MJPhoto.m */; };
		3516C7A01C049CBD007237B4 /* MJPhotoBrowser.bundle in Resources */ = {isa = PBXBuildFile; fileRef = 3516C74C1C049CBC007237B4 /* MJPhotoBrowser.bundle */; };
		3516C7A11C049CBD007237B4 /* MJPhotoBrowser.m in Sources */ = {isa = PBXBuildFile; fileRef = 3516C74E1C049CBC007237B4 /* MJPhotoBrowser.m */; };
		3516C7A21C049CBD007237B4 /* MJPhotoLoadingView.m in Sources */ = {isa = PBXBuildFile; fileRef = 3516C7501C049CBC007237B4 /* MJPhotoLoadingView.m */; };
		3516C7A31C049CBD007237B4 /* MJPhotoProgressView.m in Sources */ = {isa = PBXBuildFile; fileRef = 3516C7521C049CBC007237B4 /* MJPhotoProgressView.m */; };
		3516C7A41C049CBD007237B4 /* MJPhotoToolbar.m in Sources */ = {isa = PBXBuildFile; fileRef = 3516C7541C049CBC007237B4 /* MJPhotoToolbar.m */; };
		3516C7A51C049CBD007237B4 /* MJPhotoView.m in Sources */ = {isa = PBXBuildFile; fileRef = 3516C7561C049CBC007237B4 /* MJPhotoView.m */; };
		3516C7A61C049CBD007237B4 /* SDWebImageManager+MJ.m in Sources */ = {isa = PBXBuildFile; fileRef = 3516C7581C049CBC007237B4 /* SDWebImageManager+MJ.m */; };
		3516C7A71C049CBD007237B4 /* MJRefresh.bundle in Resources */ = {isa = PBXBuildFile; fileRef = 3516C75A1C049CBC007237B4 /* MJRefresh.bundle */; };
		3516C7A81C049CBD007237B4 /* MJRefreshBaseView.m in Sources */ = {isa = PBXBuildFile; fileRef = 3516C75D1C049CBC007237B4 /* MJRefreshBaseView.m */; };
		3516C7A91C049CBD007237B4 /* MJRefreshConst.m in Sources */ = {isa = PBXBuildFile; fileRef = 3516C75F1C049CBC007237B4 /* MJRefreshConst.m */; };
		3516C7AA1C049CBD007237B4 /* MJRefreshFooterView.m in Sources */ = {isa = PBXBuildFile; fileRef = 3516C7611C049CBC007237B4 /* MJRefreshFooterView.m */; };
		3516C7AB1C049CBD007237B4 /* MJRefreshHeaderView.m in Sources */ = {isa = PBXBuildFile; fileRef = 3516C7631C049CBC007237B4 /* MJRefreshHeaderView.m */; };
		3516C7AC1C049CBD007237B4 /* UIScrollView+MJExtension.m in Sources */ = {isa = PBXBuildFile; fileRef = 3516C7651C049CBC007237B4 /* UIScrollView+MJExtension.m */; };
		3516C7AD1C049CBD007237B4 /* UIScrollView+MJRefresh.m in Sources */ = {isa = PBXBuildFile; fileRef = 3516C7671C049CBC007237B4 /* UIScrollView+MJRefresh.m */; };
		3516C7AE1C049CBD007237B4 /* UIView+MJExtension.m in Sources */ = {isa = PBXBuildFile; fileRef = 3516C7691C049CBC007237B4 /* UIView+MJExtension.m */; };
		3516C7AF1C049CBD007237B4 /* MKAnnotationView+WebCache.m in Sources */ = {isa = PBXBuildFile; fileRef = 3516C76C1C049CBC007237B4 /* MKAnnotationView+WebCache.m */; };
		3516C7B01C049CBD007237B4 /* NSData+ImageContentType.m in Sources */ = {isa = PBXBuildFile; fileRef = 3516C76E1C049CBC007237B4 /* NSData+ImageContentType.m */; };
		3516C7B11C049CBD007237B4 /* SDImageCache.m in Sources */ = {isa = PBXBuildFile; fileRef = 3516C7701C049CBC007237B4 /* SDImageCache.m */; };
		3516C7B21C049CBD007237B4 /* SDWebImageCompat.m in Sources */ = {isa = PBXBuildFile; fileRef = 3516C7721C049CBC007237B4 /* SDWebImageCompat.m */; };
		3516C7B31C049CBD007237B4 /* SDWebImageDecoder.m in Sources */ = {isa = PBXBuildFile; fileRef = 3516C7741C049CBC007237B4 /* SDWebImageDecoder.m */; };
		3516C7B41C049CBD007237B4 /* SDWebImageDownloader.m in Sources */ = {isa = PBXBuildFile; fileRef = 3516C7761C049CBC007237B4 /* SDWebImageDownloader.m */; };
		3516C7B51C049CBD007237B4 /* SDWebImageDownloaderOperation.m in Sources */ = {isa = PBXBuildFile; fileRef = 3516C7781C049CBC007237B4 /* SDWebImageDownloaderOperation.m */; };
		3516C7B61C049CBD007237B4 /* SDWebImageManager.m in Sources */ = {isa = PBXBuildFile; fileRef = 3516C77A1C049CBC007237B4 /* SDWebImageManager.m */; };
		3516C7B71C049CBD007237B4 /* SDWebImagePrefetcher.m in Sources */ = {isa = PBXBuildFile; fileRef = 3516C77D1C049CBC007237B4 /* SDWebImagePrefetcher.m */; };
		3516C7B81C049CBD007237B4 /* UIButton+WebCache.m in Sources */ = {isa = PBXBuildFile; fileRef = 3516C77F1C049CBC007237B4 /* UIButton+WebCache.m */; };
		3516C7B91C049CBD007237B4 /* UIImage+GIF.m in Sources */ = {isa = PBXBuildFile; fileRef = 3516C7811C049CBC007237B4 /* UIImage+GIF.m */; };
		3516C7BA1C049CBD007237B4 /* UIImage+MultiFormat.m in Sources */ = {isa = PBXBuildFile; fileRef = 3516C7831C049CBC007237B4 /* UIImage+MultiFormat.m */; };
		3516C7BB1C049CBD007237B4 /* UIImage+WebP.m in Sources */ = {isa = PBXBuildFile; fileRef = 3516C7851C049CBC007237B4 /* UIImage+WebP.m */; };
		3516C7BC1C049CBD007237B4 /* UIImageView+HighlightedWebCache.m in Sources */ = {isa = PBXBuildFile; fileRef = 3516C7871C049CBC007237B4 /* UIImageView+HighlightedWebCache.m */; };
		3516C7BD1C049CBD007237B4 /* UIImageView+WebCache.m in Sources */ = {isa = PBXBuildFile; fileRef = 3516C7891C049CBC007237B4 /* UIImageView+WebCache.m */; };
		3516C7BE1C049CBD007237B4 /* UIView+WebCacheOperation.m in Sources */ = {isa = PBXBuildFile; fileRef = 3516C78B1C049CBC007237B4 /* UIView+WebCacheOperation.m */; };
		352A3ECA1BFA2C370013ED3F /* ArcBlog.xcdatamodeld in Sources */ = {isa = PBXBuildFile; fileRef = 352A3EC81BFA2C370013ED3F /* ArcBlog.xcdatamodeld */; };
		352A3ECC1BFA2C370013ED3F /* Assets.xcassets in Resources */ = {isa = PBXBuildFile; fileRef = 352A3ECB1BFA2C370013ED3F /* Assets.xcassets */; };
		352A3ECF1BFA2C370013ED3F /* LaunchScreen.storyboard in Resources */ = {isa = PBXBuildFile; fileRef = 352A3ECD1BFA2C370013ED3F /* LaunchScreen.storyboard */; };
		352A3EDA1BFA2C370013ED3F /* ArcBlogTests.m in Sources */ = {isa = PBXBuildFile; fileRef = 352A3ED91BFA2C370013ED3F /* ArcBlogTests.m */; };
		352A3EE51BFA2C380013ED3F /* ArcBlogUITests.m in Sources */ = {isa = PBXBuildFile; fileRef = 352A3EE41BFA2C380013ED3F /* ArcBlogUITests.m */; };
		35390F301BFC46B6006584F8 /* ALTabBarController.m in Sources */ = {isa = PBXBuildFile; fileRef = 35390F1C1BFC46B6006584F8 /* ALTabBarController.m */; };
		35390F311BFC46B6006584F8 /* ALTabBar.m in Sources */ = {isa = PBXBuildFile; fileRef = 35390F201BFC46B6006584F8 /* ALTabBar.m */; };
		35390F321BFC46B6006584F8 /* AppDelegate.m in Sources */ = {isa = PBXBuildFile; fileRef = 35390F271BFC46B6006584F8 /* AppDelegate.m */; };
		35390F331BFC46B6006584F8 /* UIImage+Image.m in Sources */ = {isa = PBXBuildFile; fileRef = 35390F2A1BFC46B6006584F8 /* UIImage+Image.m */; };
		35390F341BFC46B6006584F8 /* main.m in Sources */ = {isa = PBXBuildFile; fileRef = 35390F2B1BFC46B6006584F8 /* main.m */; };
		355FDC521C01F845007132A3 /* ALNewFeatureController.m in Sources */ = {isa = PBXBuildFile; fileRef = 355FDC511C01F845007132A3 /* ALNewFeatureController.m */; };
		355FDC551C01FDF8007132A3 /* ALNewFeatureCell.m in Sources */ = {isa = PBXBuildFile; fileRef = 355FDC541C01FDF8007132A3 /* ALNewFeatureCell.m */; };
		356DD27C1BFDC1EF00C0294B /* ALNavigationController.m in Sources */ = {isa = PBXBuildFile; fileRef = 356DD27B1BFDC1EF00C0294B /* ALNavigationController.m */; };
		356DD27F1BFDC39E00C0294B /* ALDiscoverViewController.m in Sources */ = {isa = PBXBuildFile; fileRef = 356DD27E1BFDC39E00C0294B /* ALDiscoverViewController.m */; };
		356DD2821BFDC40D00C0294B /* ALSearchBar.m in Sources */ = {isa = PBXBuildFile; fileRef = 356DD2811BFDC40D00C0294B /* ALSearchBar.m */; };
		356DD2851BFDD56C00C0294B /* ALCover.m in Sources */ = {isa = PBXBuildFile; fileRef = 356DD2841BFDD56C00C0294B /* ALCover.m */; };
		356DD2891BFE083600C0294B /* ALOneViewController.m in Sources */ = {isa = PBXBuildFile; fileRef = 356DD2881BFE083600C0294B /* ALOneViewController.m */; };
		356DD28C1BFE0A6000C0294B /* ALTitleButton.m in Sources */ = {isa = PBXBuildFile; fileRef = 356DD28B1BFE0A6000C0294B /* ALTitleButton.m */; };
		356DD28F1BFE0E5600C0294B /* UIBarButtonItem+Item.m in Sources */ = {isa = PBXBuildFile; fileRef = 356DD28E1BFE0E5600C0294B /* UIBarButtonItem+Item.m */; };
		356DD2921BFE1A0500C0294B /* ALPopMenu.m in Sources */ = {isa = PBXBuildFile; fileRef = 356DD2911BFE1A0500C0294B /* ALPopMenu.m */; };
		35715E791BFCB78F0051914A /* ALTabBarButton.m in Sources */ = {isa = PBXBuildFile; fileRef = 35715E781BFCB78F0051914A /* ALTabBarButton.m */; };
		35715E7C1BFCB7E40051914A /* ALBadgeView.m in Sources */ = {isa = PBXBuildFile; fileRef = 35715E7B1BFCB7E40051914A /* ALBadgeView.m */; };
		35715E7F1BFCBB070051914A /* UIView+Frame.m in Sources */ = {isa = PBXBuildFile; fileRef = 35715E7E1BFCBB070051914A /* UIView+Frame.m */; };
		35715E821BFCCA360051914A /* ALHomeViewController.m in Sources */ = {isa = PBXBuildFile; fileRef = 35715E811BFCCA360051914A /* ALHomeViewController.m */; };
		35815D5D1C1840A100144C53 /* ALStatus.m in Sources */ = {isa = PBXBuildFile; fileRef = 35815D5C1C1840A100144C53 /* ALStatus.m */; };
		359A2BB91C0345F1000A21A2 /* ALOAuthViewController.m in Sources */ = {isa = PBXBuildFile; fileRef = 359A2BB81C0345F1000A21A2 /* ALOAuthViewController.m */; };
		35B90E871C01848D00FED793 /* ALTwoViewController.m in Sources */ = {isa = PBXBuildFile; fileRef = 35B90E851C01848D00FED793 /* ALTwoViewController.m */; };
		35B90E881C01848D00FED793 /* ALTwoViewController.xib in Resources */ = {isa = PBXBuildFile; fileRef = 35B90E861C01848D00FED793 /* ALTwoViewController.xib */; };
		35C79C861BFF035F00C7A8E7 /* ALMessageViewController.m in Sources */ = {isa = PBXBuildFile; fileRef = 35C79C851BFF035F00C7A8E7 /* ALMessageViewController.m */; };
		35C79C891BFF065600C7A8E7 /* ALProfileViewController.m in Sources */ = {isa = PBXBuildFile; fileRef = 35C79C881BFF065600C7A8E7 /* ALProfileViewController.m */; };
		35C79C8D1BFF7EAB00C7A8E7 /* ALOneViewController.xib in Resources */ = {isa = PBXBuildFile; fileRef = 35C79C8C1BFF7EAB00C7A8E7 /* ALOneViewController.xib */; };
		35C9FBBD1C17078800144BF3 /* ALRootTool.m in Sources */ = {isa = PBXBuildFile; fileRef = 35C9FBBC1C17078800144BF3 /* ALRootTool.m */; };
		35E70FED1C12C008002C5B90 /* ALAccountTool.m in Sources */ = {isa = PBXBuildFile; fileRef = 35E70FEC1C12C008002C5B90 /* ALAccountTool.m */; };
		35F7D4981C1847B800DCEA8D /* ALUser.m in Sources */ = {isa = PBXBuildFile; fileRef = 35F7D4971C1847B800DCEA8D /* ALUser.m */; };
		35F7D49B1C1848D700DCEA8D /* ALPhoto.m in Sources */ = {isa = PBXBuildFile; fileRef = 35F7D49A1C1848D700DCEA8D /* ALPhoto.m */; };
/* End PBXBuildFile section */

/* Begin PBXContainerItemProxy section */
		352A3ED61BFA2C370013ED3F /* PBXContainerItemProxy */ = {
			isa = PBXContainerItemProxy;
			containerPortal = 352A3EB11BFA2C370013ED3F /* Project object */;
			proxyType = 1;
			remoteGlobalIDString = 352A3EB81BFA2C370013ED3F;
			remoteInfo = ArcBlog;
		};
		352A3EE11BFA2C380013ED3F /* PBXContainerItemProxy */ = {
			isa = PBXContainerItemProxy;
			containerPortal = 352A3EB11BFA2C370013ED3F /* Project object */;
			proxyType = 1;
			remoteGlobalIDString = 352A3EB81BFA2C370013ED3F;
			remoteInfo = ArcBlog;
		};
/* End PBXContainerItemProxy section */

/* Begin PBXFileReference section */
		35128E8D1C05B00B001364DB /* ALAccount.h */ = {isa = PBXFileReference; fileEncoding = 4; lastKnownFileType = sourcecode.c.h; path = ALAccount.h; sourceTree = "<group>"; };
		35128E8E1C05B00B001364DB /* ALAccount.m */ = {isa = PBXFileReference; fileEncoding = 4; lastKnownFileType = sourcecode.c.objc; path = ALAccount.m; sourceTree = "<group>"; };
		3516C7201C049CBC007237B4 /* AFHTTPRequestOperation.h */ = {isa = PBXFileReference; fileEncoding = 4; lastKnownFileType = sourcecode.c.h; path = AFHTTPRequestOperation.h; sourceTree = "<group>"; };
		3516C7211C049CBC007237B4 /* AFHTTPRequestOperation.m */ = {isa = PBXFileReference; fileEncoding = 4; lastKnownFileType = sourcecode.c.objc; path = AFHTTPRequestOperation.m; sourceTree = "<group>"; };
		3516C7221C049CBC007237B4 /* AFHTTPRequestOperationManager.h */ = {isa = PBXFileReference; fileEncoding = 4; lastKnownFileType = sourcecode.c.h; path = AFHTTPRequestOperationManager.h; sourceTree = "<group>"; };
		3516C7231C049CBC007237B4 /* AFHTTPRequestOperationManager.m */ = {isa = PBXFileReference; fileEncoding = 4; lastKnownFileType = sourcecode.c.objc; path = AFHTTPRequestOperationManager.m; sourceTree = "<group>"; };
		3516C7241C049CBC007237B4 /* AFHTTPSessionManager.h */ = {isa = PBXFileReference; fileEncoding = 4; lastKnownFileType = sourcecode.c.h; path = AFHTTPSessionManager.h; sourceTree = "<group>"; };
		3516C7251C049CBC007237B4 /* AFHTTPSessionManager.m */ = {isa = PBXFileReference; fileEncoding = 4; lastKnownFileType = sourcecode.c.objc; path = AFHTTPSessionManager.m; sourceTree = "<group>"; };
		3516C7261C049CBC007237B4 /* AFNetworking.h */ = {isa = PBXFileReference; fileEncoding = 4; lastKnownFileType = sourcecode.c.h; path = AFNetworking.h; sourceTree = "<group>"; };
		3516C7271C049CBC007237B4 /* AFNetworkReachabilityManager.h */ = {isa = PBXFileReference; fileEncoding = 4; lastKnownFileType = sourcecode.c.h; path = AFNetworkReachabilityManager.h; sourceTree = "<group>"; };
		3516C7281C049CBC007237B4 /* AFNetworkReachabilityManager.m */ = {isa = PBXFileReference; fileEncoding = 4; lastKnownFileType = sourcecode.c.objc; path = AFNetworkReachabilityManager.m; sourceTree = "<group>"; };
		3516C7291C049CBC007237B4 /* AFSecurityPolicy.h */ = {isa = PBXFileReference; fileEncoding = 4; lastKnownFileType = sourcecode.c.h; path = AFSecurityPolicy.h; sourceTree = "<group>"; };
		3516C72A1C049CBC007237B4 /* AFSecurityPolicy.m */ = {isa = PBXFileReference; fileEncoding = 4; lastKnownFileType = sourcecode.c.objc; path = AFSecurityPolicy.m; sourceTree = "<group>"; };
		3516C72B1C049CBC007237B4 /* AFURLConnectionOperation.h */ = {isa = PBXFileReference; fileEncoding = 4; lastKnownFileType = sourcecode.c.h; path = AFURLConnectionOperation.h; sourceTree = "<group>"; };
		3516C72C1C049CBC007237B4 /* AFURLConnectionOperation.m */ = {isa = PBXFileReference; fileEncoding = 4; lastKnownFileType = sourcecode.c.objc; path = AFURLConnectionOperation.m; sourceTree = "<group>"; };
		3516C72D1C049CBC007237B4 /* AFURLRequestSerialization.h */ = {isa = PBXFileReference; fileEncoding = 4; lastKnownFileType = sourcecode.c.h; path = AFURLRequestSerialization.h; sourceTree = "<group>"; };
		3516C72E1C049CBC007237B4 /* AFURLRequestSerialization.m */ = {isa = PBXFileReference; fileEncoding = 4; lastKnownFileType = sourcecode.c.objc; path = AFURLRequestSerialization.m; sourceTree = "<group>"; };
		3516C72F1C049CBC007237B4 /* AFURLResponseSerialization.h */ = {isa = PBXFileReference; fileEncoding = 4; lastKnownFileType = sourcecode.c.h; path = AFURLResponseSerialization.h; sourceTree = "<group>"; };
		3516C7301C049CBC007237B4 /* AFURLResponseSerialization.m */ = {isa = PBXFileReference; fileEncoding = 4; lastKnownFileType = sourcecode.c.objc; path = AFURLResponseSerialization.m; sourceTree = "<group>"; };
		3516C7311C049CBC007237B4 /* AFURLSessionManager.h */ = {isa = PBXFileReference; fileEncoding = 4; lastKnownFileType = sourcecode.c.h; path = AFURLSessionManager.h; sourceTree = "<group>"; };
		3516C7321C049CBC007237B4 /* AFURLSessionManager.m */ = {isa = PBXFileReference; fileEncoding = 4; lastKnownFileType = sourcecode.c.objc; path = AFURLSessionManager.m; sourceTree = "<group>"; };
		3516C7341C049CBC007237B4 /* MBProgressHUD+MJ.h */ = {isa = PBXFileReference; fileEncoding = 4; lastKnownFileType = sourcecode.c.h; path = "MBProgressHUD+MJ.h"; sourceTree = "<group>"; };
		3516C7351C049CBC007237B4 /* MBProgressHUD+MJ.m */ = {isa = PBXFileReference; fileEncoding = 4; lastKnownFileType = sourcecode.c.objc; path = "MBProgressHUD+MJ.m"; sourceTree = "<group>"; };
		3516C7361C049CBC007237B4 /* MBProgressHUD.bundle */ = {isa = PBXFileReference; lastKnownFileType = "wrapper.plug-in"; path = MBProgressHUD.bundle; sourceTree = "<group>"; };
		3516C7371C049CBC007237B4 /* MBProgressHUD.h */ = {isa = PBXFileReference; fileEncoding = 4; lastKnownFileType = sourcecode.c.h; path = MBProgressHUD.h; sourceTree = "<group>"; };
		3516C7381C049CBC007237B4 /* MBProgressHUD.m */ = {isa = PBXFileReference; fileEncoding = 4; lastKnownFileType = sourcecode.c.objc; path = MBProgressHUD.m; sourceTree = "<group>"; };
		3516C73A1C049CBC007237B4 /* MJConst.h */ = {isa = PBXFileReference; fileEncoding = 4; lastKnownFileType = sourcecode.c.h; path = MJConst.h; sourceTree = "<group>"; };
		3516C73B1C049CBC007237B4 /* MJConst.m */ = {isa = PBXFileReference; fileEncoding = 4; lastKnownFileType = sourcecode.c.objc; path = MJConst.m; sourceTree = "<group>"; };
		3516C73C1C049CBC007237B4 /* MJExtension.h */ = {isa = PBXFileReference; fileEncoding = 4; lastKnownFileType = sourcecode.c.h; path = MJExtension.h; sourceTree = "<group>"; };
		3516C73D1C049CBC007237B4 /* MJFoundation.h */ = {isa = PBXFileReference; fileEncoding = 4; lastKnownFileType = sourcecode.c.h; path = MJFoundation.h; sourceTree = "<group>"; };
		3516C73E1C049CBC007237B4 /* MJFoundation.m */ = {isa = PBXFileReference; fileEncoding = 4; lastKnownFileType = sourcecode.c.objc; path = MJFoundation.m; sourceTree = "<group>"; };
		3516C73F1C049CBC007237B4 /* MJIvar.h */ = {isa = PBXFileReference; fileEncoding = 4; lastKnownFileType = sourcecode.c.h; path = MJIvar.h; sourceTree = "<group>"; };
		3516C7401C049CBC007237B4 /* MJIvar.m */ = {isa = PBXFileReference; fileEncoding = 4; lastKnownFileType = sourcecode.c.objc; path = MJIvar.m; sourceTree = "<group>"; };
		3516C7411C049CBC007237B4 /* MJType.h */ = {isa = PBXFileReference; fileEncoding = 4; lastKnownFileType = sourcecode.c.h; path = MJType.h; sourceTree = "<group>"; };
		3516C7421C049CBC007237B4 /* MJType.m */ = {isa = PBXFileReference; fileEncoding = 4; lastKnownFileType = sourcecode.c.objc; path = MJType.m; sourceTree = "<group>"; };
		3516C7431C049CBC007237B4 /* NSObject+MJCoding.h */ = {isa = PBXFileReference; fileEncoding = 4; lastKnownFileType = sourcecode.c.h; path = "NSObject+MJCoding.h"; sourceTree = "<group>"; };
		3516C7441C049CBC007237B4 /* NSObject+MJCoding.m */ = {isa = PBXFileReference; fileEncoding = 4; lastKnownFileType = sourcecode.c.objc; path = "NSObject+MJCoding.m"; sourceTree = "<group>"; };
		3516C7451C049CBC007237B4 /* NSObject+MJIvar.h */ = {isa = PBXFileReference; fileEncoding = 4; lastKnownFileType = sourcecode.c.h; path = "NSObject+MJIvar.h"; sourceTree = "<group>"; };
		3516C7461C049CBC007237B4 /* NSObject+MJIvar.m */ = {isa = PBXFileReference; fileEncoding = 4; lastKnownFileType = sourcecode.c.objc; path = "NSObject+MJIvar.m"; sourceTree = "<group>"; };
		3516C7471C049CBC007237B4 /* NSObject+MJKeyValue.h */ = {isa = PBXFileReference; fileEncoding = 4; lastKnownFileType = sourcecode.c.h; path = "NSObject+MJKeyValue.h"; sourceTree = "<group>"; };
		3516C7481C049CBC007237B4 /* NSObject+MJKeyValue.m */ = {isa = PBXFileReference; fileEncoding = 4; lastKnownFileType = sourcecode.c.objc; path = "NSObject+MJKeyValue.m"; sourceTree = "<group>"; };
		3516C74A1C049CBC007237B4 /* MJPhoto.h */ = {isa = PBXFileReference; fileEncoding = 4; lastKnownFileType = sourcecode.c.h; path = MJPhoto.h; sourceTree = "<group>"; };
		3516C74B1C049CBC007237B4 /* MJPhoto.m */ = {isa = PBXFileReference; fileEncoding = 4; lastKnownFileType = sourcecode.c.objc; path = MJPhoto.m; sourceTree = "<group>"; };
		3516C74C1C049CBC007237B4 /* MJPhotoBrowser.bundle */ = {isa = PBXFileReference; lastKnownFileType = "wrapper.plug-in"; path = MJPhotoBrowser.bundle; sourceTree = "<group>"; };
		3516C74D1C049CBC007237B4 /* MJPhotoBrowser.h */ = {isa = PBXFileReference; fileEncoding = 4; lastKnownFileType = sourcecode.c.h; path = MJPhotoBrowser.h; sourceTree = "<group>"; };
		3516C74E1C049CBC007237B4 /* MJPhotoBrowser.m */ = {isa = PBXFileReference; fileEncoding = 4; lastKnownFileType = sourcecode.c.objc; path = MJPhotoBrowser.m; sourceTree = "<group>"; };
		3516C74F1C049CBC007237B4 /* MJPhotoLoadingView.h */ = {isa = PBXFileReference; fileEncoding = 4; lastKnownFileType = sourcecode.c.h; path = MJPhotoLoadingView.h; sourceTree = "<group>"; };
		3516C7501C049CBC007237B4 /* MJPhotoLoadingView.m */ = {isa = PBXFileReference; fileEncoding = 4; lastKnownFileType = sourcecode.c.objc; path = MJPhotoLoadingView.m; sourceTree = "<group>"; };
		3516C7511C049CBC007237B4 /* MJPhotoProgressView.h */ = {isa = PBXFileReference; fileEncoding = 4; lastKnownFileType = sourcecode.c.h; path = MJPhotoProgressView.h; sourceTree = "<group>"; };
		3516C7521C049CBC007237B4 /* MJPhotoProgressView.m */ = {isa = PBXFileReference; fileEncoding = 4; lastKnownFileType = sourcecode.c.objc; path = MJPhotoProgressView.m; sourceTree = "<group>"; };
		3516C7531C049CBC007237B4 /* MJPhotoToolbar.h */ = {isa = PBXFileReference; fileEncoding = 4; lastKnownFileType = sourcecode.c.h; path = MJPhotoToolbar.h; sourceTree = "<group>"; };
		3516C7541C049CBC007237B4 /* MJPhotoToolbar.m */ = {isa = PBXFileReference; fileEncoding = 4; lastKnownFileType = sourcecode.c.objc; path = MJPhotoToolbar.m; sourceTree = "<group>"; };
		3516C7551C049CBC007237B4 /* MJPhotoView.h */ = {isa = PBXFileReference; fileEncoding = 4; lastKnownFileType = sourcecode.c.h; path = MJPhotoView.h; sourceTree = "<group>"; };
		3516C7561C049CBC007237B4 /* MJPhotoView.m */ = {isa = PBXFileReference; fileEncoding = 4; lastKnownFileType = sourcecode.c.objc; path = MJPhotoView.m; sourceTree = "<group>"; };
		3516C7571C049CBC007237B4 /* SDWebImageManager+MJ.h */ = {isa = PBXFileReference; fileEncoding = 4; lastKnownFileType = sourcecode.c.h; path = "SDWebImageManager+MJ.h"; sourceTree = "<group>"; };
		3516C7581C049CBC007237B4 /* SDWebImageManager+MJ.m */ = {isa = PBXFileReference; fileEncoding = 4; lastKnownFileType = sourcecode.c.objc; path = "SDWebImageManager+MJ.m"; sourceTree = "<group>"; };
		3516C75A1C049CBC007237B4 /* MJRefresh.bundle */ = {isa = PBXFileReference; lastKnownFileType = "wrapper.plug-in"; path = MJRefresh.bundle; sourceTree = "<group>"; };
		3516C75B1C049CBC007237B4 /* MJRefresh.h */ = {isa = PBXFileReference; fileEncoding = 4; lastKnownFileType = sourcecode.c.h; path = MJRefresh.h; sourceTree = "<group>"; };
		3516C75C1C049CBC007237B4 /* MJRefreshBaseView.h */ = {isa = PBXFileReference; fileEncoding = 4; lastKnownFileType = sourcecode.c.h; path = MJRefreshBaseView.h; sourceTree = "<group>"; };
		3516C75D1C049CBC007237B4 /* MJRefreshBaseView.m */ = {isa = PBXFileReference; fileEncoding = 4; lastKnownFileType = sourcecode.c.objc; path = MJRefreshBaseView.m; sourceTree = "<group>"; };
		3516C75E1C049CBC007237B4 /* MJRefreshConst.h */ = {isa = PBXFileReference; fileEncoding = 4; lastKnownFileType = sourcecode.c.h; path = MJRefreshConst.h; sourceTree = "<group>"; };
		3516C75F1C049CBC007237B4 /* MJRefreshConst.m */ = {isa = PBXFileReference; fileEncoding = 4; lastKnownFileType = sourcecode.c.objc; path = MJRefreshConst.m; sourceTree = "<group>"; };
		3516C7601C049CBC007237B4 /* MJRefreshFooterView.h */ = {isa = PBXFileReference; fileEncoding = 4; lastKnownFileType = sourcecode.c.h; path = MJRefreshFooterView.h; sourceTree = "<group>"; };
		3516C7611C049CBC007237B4 /* MJRefreshFooterView.m */ = {isa = PBXFileReference; fileEncoding = 4; lastKnownFileType = sourcecode.c.objc; path = MJRefreshFooterView.m; sourceTree = "<group>"; };
		3516C7621C049CBC007237B4 /* MJRefreshHeaderView.h */ = {isa = PBXFileReference; fileEncoding = 4; lastKnownFileType = sourcecode.c.h; path = MJRefreshHeaderView.h; sourceTree = "<group>"; };
		3516C7631C049CBC007237B4 /* MJRefreshHeaderView.m */ = {isa = PBXFileReference; fileEncoding = 4; lastKnownFileType = sourcecode.c.objc; path = MJRefreshHeaderView.m; sourceTree = "<group>"; };
		3516C7641C049CBC007237B4 /* UIScrollView+MJExtension.h */ = {isa = PBXFileReference; fileEncoding = 4; lastKnownFileType = sourcecode.c.h; path = "UIScrollView+MJExtension.h"; sourceTree = "<group>"; };
		3516C7651C049CBC007237B4 /* UIScrollView+MJExtension.m */ = {isa = PBXFileReference; fileEncoding = 4; lastKnownFileType = sourcecode.c.objc; path = "UIScrollView+MJExtension.m"; sourceTree = "<group>"; };
		3516C7661C049CBC007237B4 /* UIScrollView+MJRefresh.h */ = {isa = PBXFileReference; fileEncoding = 4; lastKnownFileType = sourcecode.c.h; path = "UIScrollView+MJRefresh.h"; sourceTree = "<group>"; };
		3516C7671C049CBC007237B4 /* UIScrollView+MJRefresh.m */ = {isa = PBXFileReference; fileEncoding = 4; lastKnownFileType = sourcecode.c.objc; path = "UIScrollView+MJRefresh.m"; sourceTree = "<group>"; };
		3516C7681C049CBC007237B4 /* UIView+MJExtension.h */ = {isa = PBXFileReference; fileEncoding = 4; lastKnownFileType = sourcecode.c.h; path = "UIView+MJExtension.h"; sourceTree = "<group>"; };
		3516C7691C049CBC007237B4 /* UIView+MJExtension.m */ = {isa = PBXFileReference; fileEncoding = 4; lastKnownFileType = sourcecode.c.objc; path = "UIView+MJExtension.m"; sourceTree = "<group>"; };
		3516C76B1C049CBC007237B4 /* MKAnnotationView+WebCache.h */ = {isa = PBXFileReference; fileEncoding = 4; lastKnownFileType = sourcecode.c.h; path = "MKAnnotationView+WebCache.h"; sourceTree = "<group>"; };
		3516C76C1C049CBC007237B4 /* MKAnnotationView+WebCache.m */ = {isa = PBXFileReference; fileEncoding = 4; lastKnownFileType = sourcecode.c.objc; path = "MKAnnotationView+WebCache.m"; sourceTree = "<group>"; };
		3516C76D1C049CBC007237B4 /* NSData+ImageContentType.h */ = {isa = PBXFileReference; fileEncoding = 4; lastKnownFileType = sourcecode.c.h; path = "NSData+ImageContentType.h"; sourceTree = "<group>"; };
		3516C76E1C049CBC007237B4 /* NSData+ImageContentType.m */ = {isa = PBXFileReference; fileEncoding = 4; lastKnownFileType = sourcecode.c.objc; path = "NSData+ImageContentType.m"; sourceTree = "<group>"; };
		3516C76F1C049CBC007237B4 /* SDImageCache.h */ = {isa = PBXFileReference; fileEncoding = 4; lastKnownFileType = sourcecode.c.h; path = SDImageCache.h; sourceTree = "<group>"; };
		3516C7701C049CBC007237B4 /* SDImageCache.m */ = {isa = PBXFileReference; fileEncoding = 4; lastKnownFileType = sourcecode.c.objc; path = SDImageCache.m; sourceTree = "<group>"; };
		3516C7711C049CBC007237B4 /* SDWebImageCompat.h */ = {isa = PBXFileReference; fileEncoding = 4; lastKnownFileType = sourcecode.c.h; path = SDWebImageCompat.h; sourceTree = "<group>"; };
		3516C7721C049CBC007237B4 /* SDWebImageCompat.m */ = {isa = PBXFileReference; fileEncoding = 4; lastKnownFileType = sourcecode.c.objc; path = SDWebImageCompat.m; sourceTree = "<group>"; };
		3516C7731C049CBC007237B4 /* SDWebImageDecoder.h */ = {isa = PBXFileReference; fileEncoding = 4; lastKnownFileType = sourcecode.c.h; path = SDWebImageDecoder.h; sourceTree = "<group>"; };
		3516C7741C049CBC007237B4 /* SDWebImageDecoder.m */ = {isa = PBXFileReference; fileEncoding = 4; lastKnownFileType = sourcecode.c.objc; path = SDWebImageDecoder.m; sourceTree = "<group>"; };
		3516C7751C049CBC007237B4 /* SDWebImageDownloader.h */ = {isa = PBXFileReference; fileEncoding = 4; lastKnownFileType = sourcecode.c.h; path = SDWebImageDownloader.h; sourceTree = "<group>"; };
		3516C7761C049CBC007237B4 /* SDWebImageDownloader.m */ = {isa = PBXFileReference; fileEncoding = 4; lastKnownFileType = sourcecode.c.objc; path = SDWebImageDownloader.m; sourceTree = "<group>"; };
		3516C7771C049CBC007237B4 /* SDWebImageDownloaderOperation.h */ = {isa = PBXFileReference; fileEncoding = 4; lastKnownFileType = sourcecode.c.h; path = SDWebImageDownloaderOperation.h; sourceTree = "<group>"; };
		3516C7781C049CBC007237B4 /* SDWebImageDownloaderOperation.m */ = {isa = PBXFileReference; fileEncoding = 4; lastKnownFileType = sourcecode.c.objc; path = SDWebImageDownloaderOperation.m; sourceTree = "<group>"; };
		3516C7791C049CBC007237B4 /* SDWebImageManager.h */ = {isa = PBXFileReference; fileEncoding = 4; lastKnownFileType = sourcecode.c.h; path = SDWebImageManager.h; sourceTree = "<group>"; };
		3516C77A1C049CBC007237B4 /* SDWebImageManager.m */ = {isa = PBXFileReference; fileEncoding = 4; lastKnownFileType = sourcecode.c.objc; path = SDWebImageManager.m; sourceTree = "<group>"; };
		3516C77B1C049CBC007237B4 /* SDWebImageOperation.h */ = {isa = PBXFileReference; fileEncoding = 4; lastKnownFileType = sourcecode.c.h; path = SDWebImageOperation.h; sourceTree = "<group>"; };
		3516C77C1C049CBC007237B4 /* SDWebImagePrefetcher.h */ = {isa = PBXFileReference; fileEncoding = 4; lastKnownFileType = sourcecode.c.h; path = SDWebImagePrefetcher.h; sourceTree = "<group>"; };
		3516C77D1C049CBC007237B4 /* SDWebImagePrefetcher.m */ = {isa = PBXFileReference; fileEncoding = 4; lastKnownFileType = sourcecode.c.objc; path = SDWebImagePrefetcher.m; sourceTree = "<group>"; };
		3516C77E1C049CBC007237B4 /* UIButton+WebCache.h */ = {isa = PBXFileReference; fileEncoding = 4; lastKnownFileType = sourcecode.c.h; path = "UIButton+WebCache.h"; sourceTree = "<group>"; };
		3516C77F1C049CBC007237B4 /* UIButton+WebCache.m */ = {isa = PBXFileReference; fileEncoding = 4; lastKnownFileType = sourcecode.c.objc; path = "UIButton+WebCache.m"; sourceTree = "<group>"; };
		3516C7801C049CBC007237B4 /* UIImage+GIF.h */ = {isa = PBXFileReference; fileEncoding = 4; lastKnownFileType = sourcecode.c.h; path = "UIImage+GIF.h"; sourceTree = "<group>"; };
		3516C7811C049CBC007237B4 /* UIImage+GIF.m */ = {isa = PBXFileReference; fileEncoding = 4; lastKnownFileType = sourcecode.c.objc; path = "UIImage+GIF.m"; sourceTree = "<group>"; };
		3516C7821C049CBC007237B4 /* UIImage+MultiFormat.h */ = {isa = PBXFileReference; fileEncoding = 4; lastKnownFileType = sourcecode.c.h; path = "UIImage+MultiFormat.h"; sourceTree = "<group>"; };
		3516C7831C049CBC007237B4 /* UIImage+MultiFormat.m */ = {isa = PBXFileReference; fileEncoding = 4; lastKnownFileType = sourcecode.c.objc; path = "UIImage+MultiFormat.m"; sourceTree = "<group>"; };
		3516C7841C049CBC007237B4 /* UIImage+WebP.h */ = {isa = PBXFileReference; fileEncoding = 4; lastKnownFileType = sourcecode.c.h; path = "UIImage+WebP.h"; sourceTree = "<group>"; };
		3516C7851C049CBC007237B4 /* UIImage+WebP.m */ = {isa = PBXFileReference; fileEncoding = 4; lastKnownFileType = sourcecode.c.objc; path = "UIImage+WebP.m"; sourceTree = "<group>"; };
		3516C7861C049CBC007237B4 /* UIImageView+HighlightedWebCache.h */ = {isa = PBXFileReference; fileEncoding = 4; lastKnownFileType = sourcecode.c.h; path = "UIImageView+HighlightedWebCache.h"; sourceTree = "<group>"; };
		3516C7871C049CBC007237B4 /* UIImageView+HighlightedWebCache.m */ = {isa = PBXFileReference; fileEncoding = 4; lastKnownFileType = sourcecode.c.objc; path = "UIImageView+HighlightedWebCache.m"; sourceTree = "<group>"; };
		3516C7881C049CBC007237B4 /* UIImageView+WebCache.h */ = {isa = PBXFileReference; fileEncoding = 4; lastKnownFileType = sourcecode.c.h; path = "UIImageView+WebCache.h"; sourceTree = "<group>"; };
		3516C7891C049CBC007237B4 /* UIImageView+WebCache.m */ = {isa = PBXFileReference; fileEncoding = 4; lastKnownFileType = sourcecode.c.objc; path = "UIImageView+WebCache.m"; sourceTree = "<group>"; };
		3516C78A1C049CBC007237B4 /* UIView+WebCacheOperation.h */ = {isa = PBXFileReference; fileEncoding = 4; lastKnownFileType = sourcecode.c.h; path = "UIView+WebCacheOperation.h"; sourceTree = "<group>"; };
		3516C78B1C049CBC007237B4 /* UIView+WebCacheOperation.m */ = {isa = PBXFileReference; fileEncoding = 4; lastKnownFileType = sourcecode.c.objc; path = "UIView+WebCacheOperation.m"; sourceTree = "<group>"; };
		352A3EB91BFA2C370013ED3F /* ArcBlog.app */ = {isa = PBXFileReference; explicitFileType = wrapper.application; includeInIndex = 0; path = ArcBlog.app; sourceTree = BUILT_PRODUCTS_DIR; };
		352A3EC91BFA2C370013ED3F /* ArcBlog.xcdatamodel */ = {isa = PBXFileReference; lastKnownFileType = wrapper.xcdatamodel; path = ArcBlog.xcdatamodel; sourceTree = "<group>"; };
		352A3ECB1BFA2C370013ED3F /* Assets.xcassets */ = {isa = PBXFileReference; lastKnownFileType = folder.assetcatalog; path = Assets.xcassets; sourceTree = "<group>"; };
		352A3ECE1BFA2C370013ED3F /* Base */ = {isa = PBXFileReference; lastKnownFileType = file.storyboard; name = Base; path = Base.lproj/LaunchScreen.storyboard; sourceTree = "<group>"; };
		352A3ED01BFA2C370013ED3F /* Info.plist */ = {isa = PBXFileReference; lastKnownFileType = text.plist.xml; path = Info.plist; sourceTree = "<group>"; };
		352A3ED51BFA2C370013ED3F /* ArcBlog.xctest */ = {isa = PBXFileReference; explicitFileType = wrapper.cfbundle; includeInIndex = 0; path = ArcBlog.xctest; sourceTree = BUILT_PRODUCTS_DIR; };
		352A3ED91BFA2C370013ED3F /* ArcBlogTests.m */ = {isa = PBXFileReference; lastKnownFileType = sourcecode.c.objc; path = ArcBlogTests.m; sourceTree = "<group>"; };
		352A3EDB1BFA2C370013ED3F /* Info.plist */ = {isa = PBXFileReference; lastKnownFileType = text.plist.xml; path = Info.plist; sourceTree = "<group>"; };
		352A3EE01BFA2C370013ED3F /* ArcBlog.xctest */ = {isa = PBXFileReference; explicitFileType = wrapper.cfbundle; includeInIndex = 0; path = ArcBlog.xctest; sourceTree = BUILT_PRODUCTS_DIR; };
		352A3EE41BFA2C380013ED3F /* ArcBlogUITests.m */ = {isa = PBXFileReference; lastKnownFileType = sourcecode.c.objc; path = ArcBlogUITests.m; sourceTree = "<group>"; };
		352A3EE61BFA2C380013ED3F /* Info.plist */ = {isa = PBXFileReference; lastKnownFileType = text.plist.xml; path = Info.plist; sourceTree = "<group>"; };
		35390F1B1BFC46B6006584F8 /* ALTabBarController.h */ = {isa = PBXFileReference; fileEncoding = 4; lastKnownFileType = sourcecode.c.h; path = ALTabBarController.h; sourceTree = "<group>"; };
		35390F1C1BFC46B6006584F8 /* ALTabBarController.m */ = {isa = PBXFileReference; fileEncoding = 4; lastKnownFileType = sourcecode.c.objc; path = ALTabBarController.m; sourceTree = "<group>"; };
		35390F1F1BFC46B6006584F8 /* ALTabBar.h */ = {isa = PBXFileReference; fileEncoding = 4; lastKnownFileType = sourcecode.c.h; path = ALTabBar.h; sourceTree = "<group>"; };
		35390F201BFC46B6006584F8 /* ALTabBar.m */ = {isa = PBXFileReference; fileEncoding = 4; lastKnownFileType = sourcecode.c.objc; path = ALTabBar.m; sourceTree = "<group>"; };
		35390F261BFC46B6006584F8 /* AppDelegate.h */ = {isa = PBXFileReference; fileEncoding = 4; lastKnownFileType = sourcecode.c.h; path = AppDelegate.h; sourceTree = "<group>"; };
		35390F271BFC46B6006584F8 /* AppDelegate.m */ = {isa = PBXFileReference; fileEncoding = 4; lastKnownFileType = sourcecode.c.objc; path = AppDelegate.m; sourceTree = "<group>"; };
		35390F291BFC46B6006584F8 /* UIImage+Image.h */ = {isa = PBXFileReference; fileEncoding = 4; lastKnownFileType = sourcecode.c.h; path = "UIImage+Image.h"; sourceTree = "<group>"; };
		35390F2A1BFC46B6006584F8 /* UIImage+Image.m */ = {isa = PBXFileReference; fileEncoding = 4; lastKnownFileType = sourcecode.c.objc; path = "UIImage+Image.m"; sourceTree = "<group>"; };
		35390F2B1BFC46B6006584F8 /* main.m */ = {isa = PBXFileReference; fileEncoding = 4; lastKnownFileType = sourcecode.c.objc; path = main.m; sourceTree = "<group>"; };
		355FDC501C01F845007132A3 /* ALNewFeatureController.h */ = {isa = PBXFileReference; fileEncoding = 4; lastKnownFileType = sourcecode.c.h; path = ALNewFeatureController.h; sourceTree = "<group>"; };
		355FDC511C01F845007132A3 /* ALNewFeatureController.m */ = {isa = PBXFileReference; fileEncoding = 4; lastKnownFileType = sourcecode.c.objc; path = ALNewFeatureController.m; sourceTree = "<group>"; };
		355FDC531C01FDF8007132A3 /* ALNewFeatureCell.h */ = {isa = PBXFileReference; fileEncoding = 4; lastKnownFileType = sourcecode.c.h; path = ALNewFeatureCell.h; sourceTree = "<group>"; };
		355FDC541C01FDF8007132A3 /* ALNewFeatureCell.m */ = {isa = PBXFileReference; fileEncoding = 4; lastKnownFileType = sourcecode.c.objc; path = ALNewFeatureCell.m; sourceTree = "<group>"; };
		356DD27A1BFDC1EF00C0294B /* ALNavigationController.h */ = {isa = PBXFileReference; fileEncoding = 4; lastKnownFileType = sourcecode.c.h; path = ALNavigationController.h; sourceTree = "<group>"; };
		356DD27B1BFDC1EF00C0294B /* ALNavigationController.m */ = {isa = PBXFileReference; fileEncoding = 4; lastKnownFileType = sourcecode.c.objc; path = ALNavigationController.m; sourceTree = "<group>"; };
		356DD27D1BFDC39E00C0294B /* ALDiscoverViewController.h */ = {isa = PBXFileReference; fileEncoding = 4; lastKnownFileType = sourcecode.c.h; path = ALDiscoverViewController.h; sourceTree = "<group>"; };
		356DD27E1BFDC39E00C0294B /* ALDiscoverViewController.m */ = {isa = PBXFileReference; fileEncoding = 4; lastKnownFileType = sourcecode.c.objc; path = ALDiscoverViewController.m; sourceTree = "<group>"; };
		356DD2801BFDC40D00C0294B /* ALSearchBar.h */ = {isa = PBXFileReference; fileEncoding = 4; lastKnownFileType = sourcecode.c.h; path = ALSearchBar.h; sourceTree = "<group>"; };
		356DD2811BFDC40D00C0294B /* ALSearchBar.m */ = {isa = PBXFileReference; fileEncoding = 4; lastKnownFileType = sourcecode.c.objc; path = ALSearchBar.m; sourceTree = "<group>"; };
		356DD2831BFDD56C00C0294B /* ALCover.h */ = {isa = PBXFileReference; fileEncoding = 4; lastKnownFileType = sourcecode.c.h; path = ALCover.h; sourceTree = "<group>"; };
		356DD2841BFDD56C00C0294B /* ALCover.m */ = {isa = PBXFileReference; fileEncoding = 4; lastKnownFileType = sourcecode.c.objc; path = ALCover.m; sourceTree = "<group>"; };
		356DD2861BFDD9BF00C0294B /* ArcBlog.pch */ = {isa = PBXFileReference; lastKnownFileType = sourcecode.c.h; path = ArcBlog.pch; sourceTree = "<group>"; };
		356DD2871BFE083600C0294B /* ALOneViewController.h */ = {isa = PBXFileReference; fileEncoding = 4; lastKnownFileType = sourcecode.c.h; path = ALOneViewController.h; sourceTree = "<group>"; };
		356DD2881BFE083600C0294B /* ALOneViewController.m */ = {isa = PBXFileReference; fileEncoding = 4; lastKnownFileType = sourcecode.c.objc; path = ALOneViewController.m; sourceTree = "<group>"; };
		356DD28A1BFE0A6000C0294B /* ALTitleButton.h */ = {isa = PBXFileReference; fileEncoding = 4; lastKnownFileType = sourcecode.c.h; path = ALTitleButton.h; sourceTree = "<group>"; };
		356DD28B1BFE0A6000C0294B /* ALTitleButton.m */ = {isa = PBXFileReference; fileEncoding = 4; lastKnownFileType = sourcecode.c.objc; path = ALTitleButton.m; sourceTree = "<group>"; };
		356DD28D1BFE0E5600C0294B /* UIBarButtonItem+Item.h */ = {isa = PBXFileReference; fileEncoding = 4; lastKnownFileType = sourcecode.c.h; path = "UIBarButtonItem+Item.h"; sourceTree = "<group>"; };
		356DD28E1BFE0E5600C0294B /* UIBarButtonItem+Item.m */ = {isa = PBXFileReference; fileEncoding = 4; lastKnownFileType = sourcecode.c.objc; path = "UIBarButtonItem+Item.m"; sourceTree = "<group>"; };
		356DD2901BFE1A0500C0294B /* ALPopMenu.h */ = {isa = PBXFileReference; fileEncoding = 4; lastKnownFileType = sourcecode.c.h; path = ALPopMenu.h; sourceTree = "<group>"; };
		356DD2911BFE1A0500C0294B /* ALPopMenu.m */ = {isa = PBXFileReference; fileEncoding = 4; lastKnownFileType = sourcecode.c.objc; path = ALPopMenu.m; sourceTree = "<group>"; };
		35715E771BFCB78F0051914A /* ALTabBarButton.h */ = {isa = PBXFileReference; fileEncoding = 4; lastKnownFileType = sourcecode.c.h; path = ALTabBarButton.h; sourceTree = "<group>"; };
		35715E781BFCB78F0051914A /* ALTabBarButton.m */ = {isa = PBXFileReference; fileEncoding = 4; lastKnownFileType = sourcecode.c.objc; path = ALTabBarButton.m; sourceTree = "<group>"; };
		35715E7A1BFCB7E40051914A /* ALBadgeView.h */ = {isa = PBXFileReference; fileEncoding = 4; lastKnownFileType = sourcecode.c.h; path = ALBadgeView.h; sourceTree = "<group>"; };
		35715E7B1BFCB7E40051914A /* ALBadgeView.m */ = {isa = PBXFileReference; fileEncoding = 4; lastKnownFileType = sourcecode.c.objc; path = ALBadgeView.m; sourceTree = "<group>"; };
		35715E7D1BFCBB070051914A /* UIView+Frame.h */ = {isa = PBXFileReference; fileEncoding = 4; lastKnownFileType = sourcecode.c.h; path = "UIView+Frame.h"; sourceTree = "<group>"; };
		35715E7E1BFCBB070051914A /* UIView+Frame.m */ = {isa = PBXFileReference; fileEncoding = 4; lastKnownFileType = sourcecode.c.objc; path = "UIView+Frame.m"; sourceTree = "<group>"; };
		35715E801BFCCA360051914A /* ALHomeViewController.h */ = {isa = PBXFileReference; fileEncoding = 4; lastKnownFileType = sourcecode.c.h; path = ALHomeViewController.h; sourceTree = "<group>"; };
		35715E811BFCCA360051914A /* ALHomeViewController.m */ = {isa = PBXFileReference; fileEncoding = 4; lastKnownFileType = sourcecode.c.objc; path = ALHomeViewController.m; sourceTree = "<group>"; };
		35815D5B1C1840A100144C53 /* ALStatus.h */ = {isa = PBXFileReference; fileEncoding = 4; lastKnownFileType = sourcecode.c.h; path = ALStatus.h; sourceTree = "<group>"; };
		35815D5C1C1840A100144C53 /* ALStatus.m */ = {isa = PBXFileReference; fileEncoding = 4; lastKnownFileType = sourcecode.c.objc; path = ALStatus.m; sourceTree = "<group>"; };
		359A2BB71C0345F1000A21A2 /* ALOAuthViewController.h */ = {isa = PBXFileReference; fileEncoding = 4; lastKnownFileType = sourcecode.c.h; path = ALOAuthViewController.h; sourceTree = "<group>"; };
		359A2BB81C0345F1000A21A2 /* ALOAuthViewController.m */ = {isa = PBXFileReference; fileEncoding = 4; lastKnownFileType = sourcecode.c.objc; path = ALOAuthViewController.m; sourceTree = "<group>"; };
		35B90E841C01848D00FED793 /* ALTwoViewController.h */ = {isa = PBXFileReference; fileEncoding = 4; lastKnownFileType = sourcecode.c.h; path = ALTwoViewController.h; sourceTree = "<group>"; };
		35B90E851C01848D00FED793 /* ALTwoViewController.m */ = {isa = PBXFileReference; fileEncoding = 4; lastKnownFileType = sourcecode.c.objc; path = ALTwoViewController.m; sourceTree = "<group>"; };
		35B90E861C01848D00FED793 /* ALTwoViewController.xib */ = {isa = PBXFileReference; fileEncoding = 4; lastKnownFileType = file.xib; path = ALTwoViewController.xib; sourceTree = "<group>"; };
		35C79C841BFF035F00C7A8E7 /* ALMessageViewController.h */ = {isa = PBXFileReference; fileEncoding = 4; lastKnownFileType = sourcecode.c.h; path = ALMessageViewController.h; sourceTree = "<group>"; };
		35C79C851BFF035F00C7A8E7 /* ALMessageViewController.m */ = {isa = PBXFileReference; fileEncoding = 4; lastKnownFileType = sourcecode.c.objc; path = ALMessageViewController.m; sourceTree = "<group>"; };
		35C79C871BFF065600C7A8E7 /* ALProfileViewController.h */ = {isa = PBXFileReference; fileEncoding = 4; lastKnownFileType = sourcecode.c.h; path = ALProfileViewController.h; sourceTree = "<group>"; };
		35C79C881BFF065600C7A8E7 /* ALProfileViewController.m */ = {isa = PBXFileReference; fileEncoding = 4; lastKnownFileType = sourcecode.c.objc; path = ALProfileViewController.m; sourceTree = "<group>"; };
		35C79C8C1BFF7EAB00C7A8E7 /* ALOneViewController.xib */ = {isa = PBXFileReference; fileEncoding = 4; lastKnownFileType = file.xib; path = ALOneViewController.xib; sourceTree = "<group>"; };
		35C9FBBB1C17078800144BF3 /* ALRootTool.h */ = {isa = PBXFileReference; fileEncoding = 4; lastKnownFileType = sourcecode.c.h; path = ALRootTool.h; sourceTree = "<group>"; };
		35C9FBBC1C17078800144BF3 /* ALRootTool.m */ = {isa = PBXFileReference; fileEncoding = 4; lastKnownFileType = sourcecode.c.objc; path = ALRootTool.m; sourceTree = "<group>"; };
		35E70FEB1C12C008002C5B90 /* ALAccountTool.h */ = {isa = PBXFileReference; fileEncoding = 4; lastKnownFileType = sourcecode.c.h; path = ALAccountTool.h; sourceTree = "<group>"; };
		35E70FEC1C12C008002C5B90 /* ALAccountTool.m */ = {isa = PBXFileReference; fileEncoding = 4; lastKnownFileType = sourcecode.c.objc; path = ALAccountTool.m; sourceTree = "<group>"; };
		35F7D4961C1847B800DCEA8D /* ALUser.h */ = {isa = PBXFileReference; fileEncoding = 4; lastKnownFileType = sourcecode.c.h; path = ALUser.h; sourceTree = "<group>"; };
		35F7D4971C1847B800DCEA8D /* ALUser.m */ = {isa = PBXFileReference; fileEncoding = 4; lastKnownFileType = sourcecode.c.objc; path = ALUser.m; sourceTree = "<group>"; };
		35F7D4991C1848D700DCEA8D /* ALPhoto.h */ = {isa = PBXFileReference; fileEncoding = 4; lastKnownFileType = sourcecode.c.h; path = ALPhoto.h; sourceTree = "<group>"; };
		35F7D49A1C1848D700DCEA8D /* ALPhoto.m */ = {isa = PBXFileReference; fileEncoding = 4; lastKnownFileType = sourcecode.c.objc; path = ALPhoto.m; sourceTree = "<group>"; };
/* End PBXFileReference section */

/* Begin PBXFrameworksBuildPhase section */
		352A3EB61BFA2C370013ED3F /* Frameworks */ = {
			isa = PBXFrameworksBuildPhase;
			buildActionMask = 2147483647;
			files = (
			);
			runOnlyForDeploymentPostprocessing = 0;
		};
		352A3ED21BFA2C370013ED3F /* Frameworks */ = {
			isa = PBXFrameworksBuildPhase;
			buildActionMask = 2147483647;
			files = (
			);
			runOnlyForDeploymentPostprocessing = 0;
		};
		352A3EDD1BFA2C370013ED3F /* Frameworks */ = {
			isa = PBXFrameworksBuildPhase;
			buildActionMask = 2147483647;
			files = (
			);
			runOnlyForDeploymentPostprocessing = 0;
		};
/* End PBXFrameworksBuildPhase section */

/* Begin PBXGroup section */
		3516C71E1C049CBC007237B4 /* Lib */ = {
			isa = PBXGroup;
			children = (
				3516C71F1C049CBC007237B4 /* AFNetworking */,
				3516C7331C049CBC007237B4 /* MBProgressHUD */,
				3516C7391C049CBC007237B4 /* MJExtension */,
				3516C7491C049CBC007237B4 /* MJPhotoBrowser */,
				3516C7591C049CBC007237B4 /* MJRefresh */,
				3516C76A1C049CBC007237B4 /* SDWebImage */,
			);
			path = Lib;
			sourceTree = "<group>";
		};
		3516C71F1C049CBC007237B4 /* AFNetworking */ = {
			isa = PBXGroup;
			children = (
				3516C7201C049CBC007237B4 /* AFHTTPRequestOperation.h */,
				3516C7211C049CBC007237B4 /* AFHTTPRequestOperation.m */,
				3516C7221C049CBC007237B4 /* AFHTTPRequestOperationManager.h */,
				3516C7231C049CBC007237B4 /* AFHTTPRequestOperationManager.m */,
				3516C7241C049CBC007237B4 /* AFHTTPSessionManager.h */,
				3516C7251C049CBC007237B4 /* AFHTTPSessionManager.m */,
				3516C7261C049CBC007237B4 /* AFNetworking.h */,
				3516C7271C049CBC007237B4 /* AFNetworkReachabilityManager.h */,
				3516C7281C049CBC007237B4 /* AFNetworkReachabilityManager.m */,
				3516C7291C049CBC007237B4 /* AFSecurityPolicy.h */,
				3516C72A1C049CBC007237B4 /* AFSecurityPolicy.m */,
				3516C72B1C049CBC007237B4 /* AFURLConnectionOperation.h */,
				3516C72C1C049CBC007237B4 /* AFURLConnectionOperation.m */,
				3516C72D1C049CBC007237B4 /* AFURLRequestSerialization.h */,
				3516C72E1C049CBC007237B4 /* AFURLRequestSerialization.m */,
				3516C72F1C049CBC007237B4 /* AFURLResponseSerialization.h */,
				3516C7301C049CBC007237B4 /* AFURLResponseSerialization.m */,
				3516C7311C049CBC007237B4 /* AFURLSessionManager.h */,
				3516C7321C049CBC007237B4 /* AFURLSessionManager.m */,
			);
			path = AFNetworking;
			sourceTree = "<group>";
		};
		3516C7331C049CBC007237B4 /* MBProgressHUD */ = {
			isa = PBXGroup;
			children = (
				3516C7341C049CBC007237B4 /* MBProgressHUD+MJ.h */,
				3516C7351C049CBC007237B4 /* MBProgressHUD+MJ.m */,
				3516C7361C049CBC007237B4 /* MBProgressHUD.bundle */,
				3516C7371C049CBC007237B4 /* MBProgressHUD.h */,
				3516C7381C049CBC007237B4 /* MBProgressHUD.m */,
			);
			path = MBProgressHUD;
			sourceTree = "<group>";
		};
		3516C7391C049CBC007237B4 /* MJExtension */ = {
			isa = PBXGroup;
			children = (
				3516C73A1C049CBC007237B4 /* MJConst.h */,
				3516C73B1C049CBC007237B4 /* MJConst.m */,
				3516C73C1C049CBC007237B4 /* MJExtension.h */,
				3516C73D1C049CBC007237B4 /* MJFoundation.h */,
				3516C73E1C049CBC007237B4 /* MJFoundation.m */,
				3516C73F1C049CBC007237B4 /* MJIvar.h */,
				3516C7401C049CBC007237B4 /* MJIvar.m */,
				3516C7411C049CBC007237B4 /* MJType.h */,
				3516C7421C049CBC007237B4 /* MJType.m */,
				3516C7431C049CBC007237B4 /* NSObject+MJCoding.h */,
				3516C7441C049CBC007237B4 /* NSObject+MJCoding.m */,
				3516C7451C049CBC007237B4 /* NSObject+MJIvar.h */,
				3516C7461C049CBC007237B4 /* NSObject+MJIvar.m */,
				3516C7471C049CBC007237B4 /* NSObject+MJKeyValue.h */,
				3516C7481C049CBC007237B4 /* NSObject+MJKeyValue.m */,
			);
			path = MJExtension;
			sourceTree = "<group>";
		};
		3516C7491C049CBC007237B4 /* MJPhotoBrowser */ = {
			isa = PBXGroup;
			children = (
				3516C74A1C049CBC007237B4 /* MJPhoto.h */,
				3516C74B1C049CBC007237B4 /* MJPhoto.m */,
				3516C74C1C049CBC007237B4 /* MJPhotoBrowser.bundle */,
				3516C74D1C049CBC007237B4 /* MJPhotoBrowser.h */,
				3516C74E1C049CBC007237B4 /* MJPhotoBrowser.m */,
				3516C74F1C049CBC007237B4 /* MJPhotoLoadingView.h */,
				3516C7501C049CBC007237B4 /* MJPhotoLoadingView.m */,
				3516C7511C049CBC007237B4 /* MJPhotoProgressView.h */,
				3516C7521C049CBC007237B4 /* MJPhotoProgressView.m */,
				3516C7531C049CBC007237B4 /* MJPhotoToolbar.h */,
				3516C7541C049CBC007237B4 /* MJPhotoToolbar.m */,
				3516C7551C049CBC007237B4 /* MJPhotoView.h */,
				3516C7561C049CBC007237B4 /* MJPhotoView.m */,
				3516C7571C049CBC007237B4 /* SDWebImageManager+MJ.h */,
				3516C7581C049CBC007237B4 /* SDWebImageManager+MJ.m */,
			);
			path = MJPhotoBrowser;
			sourceTree = "<group>";
		};
		3516C7591C049CBC007237B4 /* MJRefresh */ = {
			isa = PBXGroup;
			children = (
				3516C75A1C049CBC007237B4 /* MJRefresh.bundle */,
				3516C75B1C049CBC007237B4 /* MJRefresh.h */,
				3516C75C1C049CBC007237B4 /* MJRefreshBaseView.h */,
				3516C75D1C049CBC007237B4 /* MJRefreshBaseView.m */,
				3516C75E1C049CBC007237B4 /* MJRefreshConst.h */,
				3516C75F1C049CBC007237B4 /* MJRefreshConst.m */,
				3516C7601C049CBC007237B4 /* MJRefreshFooterView.h */,
				3516C7611C049CBC007237B4 /* MJRefreshFooterView.m */,
				3516C7621C049CBC007237B4 /* MJRefreshHeaderView.h */,
				3516C7631C049CBC007237B4 /* MJRefreshHeaderView.m */,
				3516C7641C049CBC007237B4 /* UIScrollView+MJExtension.h */,
				3516C7651C049CBC007237B4 /* UIScrollView+MJExtension.m */,
				3516C7661C049CBC007237B4 /* UIScrollView+MJRefresh.h */,
				3516C7671C049CBC007237B4 /* UIScrollView+MJRefresh.m */,
				3516C7681C049CBC007237B4 /* UIView+MJExtension.h */,
				3516C7691C049CBC007237B4 /* UIView+MJExtension.m */,
			);
			path = MJRefresh;
			sourceTree = "<group>";
		};
		3516C76A1C049CBC007237B4 /* SDWebImage */ = {
			isa = PBXGroup;
			children = (
				3516C76B1C049CBC007237B4 /* MKAnnotationView+WebCache.h */,
				3516C76C1C049CBC007237B4 /* MKAnnotationView+WebCache.m */,
				3516C76D1C049CBC007237B4 /* NSData+ImageContentType.h */,
				3516C76E1C049CBC007237B4 /* NSData+ImageContentType.m */,
				3516C76F1C049CBC007237B4 /* SDImageCache.h */,
				3516C7701C049CBC007237B4 /* SDImageCache.m */,
				3516C7711C049CBC007237B4 /* SDWebImageCompat.h */,
				3516C7721C049CBC007237B4 /* SDWebImageCompat.m */,
				3516C7731C049CBC007237B4 /* SDWebImageDecoder.h */,
				3516C7741C049CBC007237B4 /* SDWebImageDecoder.m */,
				3516C7751C049CBC007237B4 /* SDWebImageDownloader.h */,
				3516C7761C049CBC007237B4 /* SDWebImageDownloader.m */,
				3516C7771C049CBC007237B4 /* SDWebImageDownloaderOperation.h */,
				3516C7781C049CBC007237B4 /* SDWebImageDownloaderOperation.m */,
				3516C7791C049CBC007237B4 /* SDWebImageManager.h */,
				3516C77A1C049CBC007237B4 /* SDWebImageManager.m */,
				3516C77B1C049CBC007237B4 /* SDWebImageOperation.h */,
				3516C77C1C049CBC007237B4 /* SDWebImagePrefetcher.h */,
				3516C77D1C049CBC007237B4 /* SDWebImagePrefetcher.m */,
				3516C77E1C049CBC007237B4 /* UIButton+WebCache.h */,
				3516C77F1C049CBC007237B4 /* UIButton+WebCache.m */,
				3516C7801C049CBC007237B4 /* UIImage+GIF.h */,
				3516C7811C049CBC007237B4 /* UIImage+GIF.m */,
				3516C7821C049CBC007237B4 /* UIImage+MultiFormat.h */,
				3516C7831C049CBC007237B4 /* UIImage+MultiFormat.m */,
				3516C7841C049CBC007237B4 /* UIImage+WebP.h */,
				3516C7851C049CBC007237B4 /* UIImage+WebP.m */,
				3516C7861C049CBC007237B4 /* UIImageView+HighlightedWebCache.h */,
				3516C7871C049CBC007237B4 /* UIImageView+HighlightedWebCache.m */,
				3516C7881C049CBC007237B4 /* UIImageView+WebCache.h */,
				3516C7891C049CBC007237B4 /* UIImageView+WebCache.m */,
				3516C78A1C049CBC007237B4 /* UIView+WebCacheOperation.h */,
				3516C78B1C049CBC007237B4 /* UIView+WebCacheOperation.m */,
			);
			path = SDWebImage;
			sourceTree = "<group>";
		};
		352A3EB01BFA2C370013ED3F = {
			isa = PBXGroup;
			children = (
				352A3EBB1BFA2C370013ED3F /* ArcBlog */,
				352A3ED81BFA2C370013ED3F /* ArcBlogTests */,
				352A3EE31BFA2C380013ED3F /* ArcBlogUITests */,
				352A3EBA1BFA2C370013ED3F /* Products */,
			);
			sourceTree = "<group>";
		};
		352A3EBA1BFA2C370013ED3F /* Products */ = {
			isa = PBXGroup;
			children = (
				352A3EB91BFA2C370013ED3F /* ArcBlog.app */,
				352A3ED51BFA2C370013ED3F /* ArcBlog.xctest */,
				352A3EE01BFA2C370013ED3F /* ArcBlog.xctest */,
			);
			name = Products;
			sourceTree = "<group>";
		};
		352A3EBB1BFA2C370013ED3F /* ArcBlog */ = {
			isa = PBXGroup;
			children = (
				35390F101BFC46B6006584F8 /* Classes */,
				352A3ECB1BFA2C370013ED3F /* Assets.xcassets */,
				352A3ECD1BFA2C370013ED3F /* LaunchScreen.storyboard */,
				352A3ED01BFA2C370013ED3F /* Info.plist */,
				352A3EC81BFA2C370013ED3F /* ArcBlog.xcdatamodeld */,
				352A3EBC1BFA2C370013ED3F /* Supporting Files */,
			);
			path = ArcBlog;
			sourceTree = "<group>";
		};
		352A3EBC1BFA2C370013ED3F /* Supporting Files */ = {
			isa = PBXGroup;
			children = (
			);
			name = "Supporting Files";
			sourceTree = "<group>";
		};
		352A3ED81BFA2C370013ED3F /* ArcBlogTests */ = {
			isa = PBXGroup;
			children = (
				352A3ED91BFA2C370013ED3F /* ArcBlogTests.m */,
				352A3EDB1BFA2C370013ED3F /* Info.plist */,
			);
			path = ArcBlogTests;
			sourceTree = "<group>";
		};
		352A3EE31BFA2C380013ED3F /* ArcBlogUITests */ = {
			isa = PBXGroup;
			children = (
				352A3EE41BFA2C380013ED3F /* ArcBlogUITests.m */,
				352A3EE61BFA2C380013ED3F /* Info.plist */,
			);
			path = ArcBlogUITests;
			sourceTree = "<group>";
		};
		35390F101BFC46B6006584F8 /* Classes */ = {
			isa = PBXGroup;
			children = (
				35E70FE91C12BFEF002C5B90 /* Tool */,
				359A2BB31C03458F000A21A2 /* OAuth */,
				355FDC4C1C01F7F1007132A3 /* NewFeature */,
				35390F111BFC46B6006584F8 /* Discover */,
				35390F151BFC46B6006584F8 /* Home */,
				35390F191BFC46B6006584F8 /* Main */,
				35390F211BFC46B6006584F8 /* Message */,
				35390F251BFC46B6006584F8 /* Other */,
				35390F2C1BFC46B6006584F8 /* Profile */,
			);
			path = Classes;
			sourceTree = "<group>";
		};
		35390F111BFC46B6006584F8 /* Discover */ = {
			isa = PBXGroup;
			children = (
				35390F121BFC46B6006584F8 /* Controller */,
				35390F131BFC46B6006584F8 /* Model */,
				35390F141BFC46B6006584F8 /* View */,
			);
			path = Discover;
			sourceTree = "<group>";
		};
		35390F121BFC46B6006584F8 /* Controller */ = {
			isa = PBXGroup;
			children = (
				356DD27D1BFDC39E00C0294B /* ALDiscoverViewController.h */,
				356DD27E1BFDC39E00C0294B /* ALDiscoverViewController.m */,
			);
			path = Controller;
			sourceTree = "<group>";
		};
		35390F131BFC46B6006584F8 /* Model */ = {
			isa = PBXGroup;
			children = (
			);
			path = Model;
			sourceTree = "<group>";
		};
		35390F141BFC46B6006584F8 /* View */ = {
			isa = PBXGroup;
			children = (
				356DD2801BFDC40D00C0294B /* ALSearchBar.h */,
				356DD2811BFDC40D00C0294B /* ALSearchBar.m */,
			);
			path = View;
			sourceTree = "<group>";
		};
		35390F151BFC46B6006584F8 /* Home */ = {
			isa = PBXGroup;
			children = (
				35390F161BFC46B6006584F8 /* Controller */,
				35390F171BFC46B6006584F8 /* Model */,
				35390F181BFC46B6006584F8 /* View */,
			);
			path = Home;
			sourceTree = "<group>";
		};
		35390F161BFC46B6006584F8 /* Controller */ = {
			isa = PBXGroup;
			children = (
				35715E801BFCCA360051914A /* ALHomeViewController.h */,
				35715E811BFCCA360051914A /* ALHomeViewController.m */,
				356DD2871BFE083600C0294B /* ALOneViewController.h */,
				356DD2881BFE083600C0294B /* ALOneViewController.m */,
				35C79C8C1BFF7EAB00C7A8E7 /* ALOneViewController.xib */,
				35B90E841C01848D00FED793 /* ALTwoViewController.h */,
				35B90E851C01848D00FED793 /* ALTwoViewController.m */,
				35B90E861C01848D00FED793 /* ALTwoViewController.xib */,
			);
			path = Controller;
			sourceTree = "<group>";
		};
		35390F171BFC46B6006584F8 /* Model */ = {
			isa = PBXGroup;
			children = (
				35815D5B1C1840A100144C53 /* ALStatus.h */,
				35815D5C1C1840A100144C53 /* ALStatus.m */,
				35F7D4961C1847B800DCEA8D /* ALUser.h */,
				35F7D4971C1847B800DCEA8D /* ALUser.m */,
				35F7D4991C1848D700DCEA8D /* ALPhoto.h */,
				35F7D49A1C1848D700DCEA8D /* ALPhoto.m */,
			);
			path = Model;
			sourceTree = "<group>";
		};
		35390F181BFC46B6006584F8 /* View */ = {
			isa = PBXGroup;
			children = (
				356DD2831BFDD56C00C0294B /* ALCover.h */,
				356DD2841BFDD56C00C0294B /* ALCover.m */,
				356DD28A1BFE0A6000C0294B /* ALTitleButton.h */,
				356DD28B1BFE0A6000C0294B /* ALTitleButton.m */,
				356DD2901BFE1A0500C0294B /* ALPopMenu.h */,
				356DD2911BFE1A0500C0294B /* ALPopMenu.m */,
			);
			path = View;
			sourceTree = "<group>";
		};
		35390F191BFC46B6006584F8 /* Main */ = {
			isa = PBXGroup;
			children = (
				35390F1A1BFC46B6006584F8 /* Controller */,
				35390F1D1BFC46B6006584F8 /* Model */,
				35390F1E1BFC46B6006584F8 /* View */,
			);
			path = Main;
			sourceTree = "<group>";
		};
		35390F1A1BFC46B6006584F8 /* Controller */ = {
			isa = PBXGroup;
			children = (
				35390F1B1BFC46B6006584F8 /* ALTabBarController.h */,
				35390F1C1BFC46B6006584F8 /* ALTabBarController.m */,
				356DD27A1BFDC1EF00C0294B /* ALNavigationController.h */,
				356DD27B1BFDC1EF00C0294B /* ALNavigationController.m */,
			);
			path = Controller;
			sourceTree = "<group>";
		};
		35390F1D1BFC46B6006584F8 /* Model */ = {
			isa = PBXGroup;
			children = (
			);
			path = Model;
			sourceTree = "<group>";
		};
		35390F1E1BFC46B6006584F8 /* View */ = {
			isa = PBXGroup;
			children = (
				35390F1F1BFC46B6006584F8 /* ALTabBar.h */,
				35390F201BFC46B6006584F8 /* ALTabBar.m */,
				35715E771BFCB78F0051914A /* ALTabBarButton.h */,
				35715E781BFCB78F0051914A /* ALTabBarButton.m */,
				35715E7A1BFCB7E40051914A /* ALBadgeView.h */,
				35715E7B1BFCB7E40051914A /* ALBadgeView.m */,
			);
			path = View;
			sourceTree = "<group>";
		};
		35390F211BFC46B6006584F8 /* Message */ = {
			isa = PBXGroup;
			children = (
				35390F221BFC46B6006584F8 /* Controller */,
				35390F231BFC46B6006584F8 /* Model */,
				35390F241BFC46B6006584F8 /* View */,
			);
			path = Message;
			sourceTree = "<group>";
		};
		35390F221BFC46B6006584F8 /* Controller */ = {
			isa = PBXGroup;
			children = (
				35C79C841BFF035F00C7A8E7 /* ALMessageViewController.h */,
				35C79C851BFF035F00C7A8E7 /* ALMessageViewController.m */,
			);
			path = Controller;
			sourceTree = "<group>";
		};
		35390F231BFC46B6006584F8 /* Model */ = {
			isa = PBXGroup;
			children = (
			);
			path = Model;
			sourceTree = "<group>";
		};
		35390F241BFC46B6006584F8 /* View */ = {
			isa = PBXGroup;
			children = (
			);
			path = View;
			sourceTree = "<group>";
		};
		35390F251BFC46B6006584F8 /* Other */ = {
			isa = PBXGroup;
			children = (
				3516C71E1C049CBC007237B4 /* Lib */,
				35390F261BFC46B6006584F8 /* AppDelegate.h */,
				35390F271BFC46B6006584F8 /* AppDelegate.m */,
				35390F281BFC46B6006584F8 /* Category */,
				35390F2B1BFC46B6006584F8 /* main.m */,
				356DD2861BFDD9BF00C0294B /* ArcBlog.pch */,
			);
			path = Other;
			sourceTree = "<group>";
		};
		35390F281BFC46B6006584F8 /* Category */ = {
			isa = PBXGroup;
			children = (
				35390F291BFC46B6006584F8 /* UIImage+Image.h */,
				35390F2A1BFC46B6006584F8 /* UIImage+Image.m */,
				35715E7D1BFCBB070051914A /* UIView+Frame.h */,
				35715E7E1BFCBB070051914A /* UIView+Frame.m */,
				356DD28D1BFE0E5600C0294B /* UIBarButtonItem+Item.h */,
				356DD28E1BFE0E5600C0294B /* UIBarButtonItem+Item.m */,
			);
			path = Category;
			sourceTree = "<group>";
		};
		35390F2C1BFC46B6006584F8 /* Profile */ = {
			isa = PBXGroup;
			children = (
				35390F2D1BFC46B6006584F8 /* Controller */,
				35390F2E1BFC46B6006584F8 /* Model */,
				35390F2F1BFC46B6006584F8 /* View */,
			);
			path = Profile;
			sourceTree = "<group>";
		};
		35390F2D1BFC46B6006584F8 /* Controller */ = {
			isa = PBXGroup;
			children = (
				35C79C871BFF065600C7A8E7 /* ALProfileViewController.h */,
				35C79C881BFF065600C7A8E7 /* ALProfileViewController.m */,
			);
			path = Controller;
			sourceTree = "<group>";
		};
		35390F2E1BFC46B6006584F8 /* Model */ = {
			isa = PBXGroup;
			children = (
			);
			path = Model;
			sourceTree = "<group>";
		};
		35390F2F1BFC46B6006584F8 /* View */ = {
			isa = PBXGroup;
			children = (
			);
			path = View;
			sourceTree = "<group>";
		};
		355FDC4C1C01F7F1007132A3 /* NewFeature */ = {
			isa = PBXGroup;
			children = (
				355FDC4D1C01F7F1007132A3 /* Controller */,
				355FDC4E1C01F7F1007132A3 /* Model */,
				355FDC4F1C01F7F1007132A3 /* View */,
			);
			path = NewFeature;
			sourceTree = "<group>";
		};
		355FDC4D1C01F7F1007132A3 /* Controller */ = {
			isa = PBXGroup;
			children = (
				355FDC501C01F845007132A3 /* ALNewFeatureController.h */,
				355FDC511C01F845007132A3 /* ALNewFeatureController.m */,
			);
			path = Controller;
			sourceTree = "<group>";
		};
		355FDC4E1C01F7F1007132A3 /* Model */ = {
			isa = PBXGroup;
			children = (
			);
			path = Model;
			sourceTree = "<group>";
		};
		355FDC4F1C01F7F1007132A3 /* View */ = {
			isa = PBXGroup;
			children = (
				355FDC531C01FDF8007132A3 /* ALNewFeatureCell.h */,
				355FDC541C01FDF8007132A3 /* ALNewFeatureCell.m */,
			);
			path = View;
			sourceTree = "<group>";
		};
		359A2BB31C03458F000A21A2 /* OAuth */ = {
			isa = PBXGroup;
			children = (
				359A2BB41C03458F000A21A2 /* Controller */,
				359A2BB51C03458F000A21A2 /* Model */,
				359A2BB61C03458F000A21A2 /* View */,
			);
			path = OAuth;
			sourceTree = "<group>";
		};
		359A2BB41C03458F000A21A2 /* Controller */ = {
			isa = PBXGroup;
			children = (
				359A2BB71C0345F1000A21A2 /* ALOAuthViewController.h */,
				359A2BB81C0345F1000A21A2 /* ALOAuthViewController.m */,
			);
			path = Controller;
			sourceTree = "<group>";
		};
		359A2BB51C03458F000A21A2 /* Model */ = {
			isa = PBXGroup;
			children = (
				35128E8D1C05B00B001364DB /* ALAccount.h */,
				35128E8E1C05B00B001364DB /* ALAccount.m */,
			);
			path = Model;
			sourceTree = "<group>";
		};
		359A2BB61C03458F000A21A2 /* View */ = {
			isa = PBXGroup;
			children = (
			);
			path = View;
			sourceTree = "<group>";
		};
		35C9FBBA1C17078800144BF3 /* Root */ = {
			isa = PBXGroup;
			children = (
				35C9FBBB1C17078800144BF3 /* ALRootTool.h */,
				35C9FBBC1C17078800144BF3 /* ALRootTool.m */,
			);
			path = Root;
			sourceTree = "<group>";
		};
		35E70FE91C12BFEF002C5B90 /* Tool */ = {
			isa = PBXGroup;
			children = (
				35C9FBBA1C17078800144BF3 /* Root */,
				35E70FEA1C12BFEF002C5B90 /* Account */,
			);
			path = Tool;
			sourceTree = "<group>";
		};
		35E70FEA1C12BFEF002C5B90 /* Account */ = {
			isa = PBXGroup;
			children = (
				35E70FEB1C12C008002C5B90 /* ALAccountTool.h */,
				35E70FEC1C12C008002C5B90 /* ALAccountTool.m */,
			);
			path = Account;
			sourceTree = "<group>";
		};
/* End PBXGroup section */

/* Begin PBXNativeTarget section */
		352A3EB81BFA2C370013ED3F /* ArcBlog */ = {
			isa = PBXNativeTarget;
			buildConfigurationList = 352A3EE91BFA2C380013ED3F /* Build configuration list for PBXNativeTarget "ArcBlog" */;
			buildPhases = (
				352A3EB51BFA2C370013ED3F /* Sources */,
				352A3EB61BFA2C370013ED3F /* Frameworks */,
				352A3EB71BFA2C370013ED3F /* Resources */,
			);
			buildRules = (
			);
			dependencies = (
			);
			name = ArcBlog;
			productName = ArcBlog;
			productReference = 352A3EB91BFA2C370013ED3F /* ArcBlog.app */;
			productType = "com.apple.product-type.application";
		};
		352A3ED41BFA2C370013ED3F /* ArcBlogTests */ = {
			isa = PBXNativeTarget;
			buildConfigurationList = 352A3EEC1BFA2C380013ED3F /* Build configuration list for PBXNativeTarget "ArcBlogTests" */;
			buildPhases = (
				352A3ED11BFA2C370013ED3F /* Sources */,
				352A3ED21BFA2C370013ED3F /* Frameworks */,
				352A3ED31BFA2C370013ED3F /* Resources */,
			);
			buildRules = (
			);
			dependencies = (
				352A3ED71BFA2C370013ED3F /* PBXTargetDependency */,
			);
			name = ArcBlogTests;
			productName = ArcBlogTests;
			productReference = 352A3ED51BFA2C370013ED3F /* ArcBlog.xctest */;
			productType = "com.apple.product-type.bundle.unit-test";
		};
		352A3EDF1BFA2C370013ED3F /* ArcBlogUITests */ = {
			isa = PBXNativeTarget;
			buildConfigurationList = 352A3EEF1BFA2C380013ED3F /* Build configuration list for PBXNativeTarget "ArcBlogUITests" */;
			buildPhases = (
				352A3EDC1BFA2C370013ED3F /* Sources */,
				352A3EDD1BFA2C370013ED3F /* Frameworks */,
				352A3EDE1BFA2C370013ED3F /* Resources */,
			);
			buildRules = (
			);
			dependencies = (
				352A3EE21BFA2C380013ED3F /* PBXTargetDependency */,
			);
			name = ArcBlogUITests;
			productName = ArcBlogUITests;
			productReference = 352A3EE01BFA2C370013ED3F /* ArcBlog.xctest */;
			productType = "com.apple.product-type.bundle.ui-testing";
		};
/* End PBXNativeTarget section */

/* Begin PBXProject section */
		352A3EB11BFA2C370013ED3F /* Project object */ = {
			isa = PBXProject;
			attributes = {
				CLASSPREFIX = AL;
				LastUpgradeCheck = 0710;
				ORGANIZATIONNAME = sziit;
				TargetAttributes = {
					352A3EB81BFA2C370013ED3F = {
						CreatedOnToolsVersion = 7.1;
						DevelopmentTeam = 3KUDYRU22W;
					};
					352A3ED41BFA2C370013ED3F = {
						CreatedOnToolsVersion = 7.1;
						DevelopmentTeam = 3KUDYRU22W;
						TestTargetID = 352A3EB81BFA2C370013ED3F;
					};
					352A3EDF1BFA2C370013ED3F = {
						CreatedOnToolsVersion = 7.1;
						DevelopmentTeam = 3KUDYRU22W;
						TestTargetID = 352A3EB81BFA2C370013ED3F;
					};
				};
			};
			buildConfigurationList = 352A3EB41BFA2C370013ED3F /* Build configuration list for PBXProject "ArcBlog" */;
			compatibilityVersion = "Xcode 3.2";
			developmentRegion = English;
			hasScannedForEncodings = 0;
			knownRegions = (
				en,
				Base,
			);
			mainGroup = 352A3EB01BFA2C370013ED3F;
			productRefGroup = 352A3EBA1BFA2C370013ED3F /* Products */;
			projectDirPath = "";
			projectRoot = "";
			targets = (
				352A3EB81BFA2C370013ED3F /* ArcBlog */,
				352A3ED41BFA2C370013ED3F /* ArcBlogTests */,
				352A3EDF1BFA2C370013ED3F /* ArcBlogUITests */,
			);
		};
/* End PBXProject section */

/* Begin PBXResourcesBuildPhase section */
		352A3EB71BFA2C370013ED3F /* Resources */ = {
			isa = PBXResourcesBuildPhase;
			buildActionMask = 2147483647;
			files = (
				3516C7A01C049CBD007237B4 /* MJPhotoBrowser.bundle in Resources */,
				352A3ECF1BFA2C370013ED3F /* LaunchScreen.storyboard in Resources */,
				3516C7A71C049CBD007237B4 /* MJRefresh.bundle in Resources */,
				35C79C8D1BFF7EAB00C7A8E7 /* ALOneViewController.xib in Resources */,
				3516C7961C049CBC007237B4 /* MBProgressHUD.bundle in Resources */,
				35B90E881C01848D00FED793 /* ALTwoViewController.xib in Resources */,
				352A3ECC1BFA2C370013ED3F /* Assets.xcassets in Resources */,
			);
			runOnlyForDeploymentPostprocessing = 0;
		};
		352A3ED31BFA2C370013ED3F /* Resources */ = {
			isa = PBXResourcesBuildPhase;
			buildActionMask = 2147483647;
			files = (
			);
			runOnlyForDeploymentPostprocessing = 0;
		};
		352A3EDE1BFA2C370013ED3F /* Resources */ = {
			isa = PBXResourcesBuildPhase;
			buildActionMask = 2147483647;
			files = (
			);
			runOnlyForDeploymentPostprocessing = 0;
		};
/* End PBXResourcesBuildPhase section */

/* Begin PBXSourcesBuildPhase section */
		352A3EB51BFA2C370013ED3F /* Sources */ = {
			isa = PBXSourcesBuildPhase;
			buildActionMask = 2147483647;
			files = (
				3516C7AC1C049CBD007237B4 /* UIScrollView+MJExtension.m in Sources */,
				3516C7B61C049CBD007237B4 /* SDWebImageManager.m in Sources */,
				3516C7921C049CBC007237B4 /* AFURLRequestSerialization.m in Sources */,
				356DD27F1BFDC39E00C0294B /* ALDiscoverViewController.m in Sources */,
				35390F321BFC46B6006584F8 /* AppDelegate.m in Sources */,
				356DD2891BFE083600C0294B /* ALOneViewController.m in Sources */,
				3516C7A51C049CBD007237B4 /* MJPhotoView.m in Sources */,
				3516C79C1C049CBC007237B4 /* NSObject+MJCoding.m in Sources */,
				3516C7BA1C049CBD007237B4 /* UIImage+MultiFormat.m in Sources */,
				3516C79A1C049CBC007237B4 /* MJIvar.m in Sources */,
				35815D5D1C1840A100144C53 /* ALStatus.m in Sources */,
				35390F311BFC46B6006584F8 /* ALTabBar.m in Sources */,
				3516C7A21C049CBD007237B4 /* MJPhotoLoadingView.m in Sources */,
				35F7D49B1C1848D700DCEA8D /* ALPhoto.m in Sources */,
				3516C7911C049CBC007237B4 /* AFURLConnectionOperation.m in Sources */,
				35715E821BFCCA360051914A /* ALHomeViewController.m in Sources */,
				35B90E871C01848D00FED793 /* ALTwoViewController.m in Sources */,
				3516C7B91C049CBD007237B4 /* UIImage+GIF.m in Sources */,
				3516C79E1C049CBD007237B4 /* NSObject+MJKeyValue.m in Sources */,
				3516C7951C049CBC007237B4 /* MBProgressHUD+MJ.m in Sources */,
				3516C7B71C049CBD007237B4 /* SDWebImagePrefetcher.m in Sources */,
				35C79C891BFF065600C7A8E7 /* ALProfileViewController.m in Sources */,
				35E70FED1C12C008002C5B90 /* ALAccountTool.m in Sources */,
				3516C7AB1C049CBD007237B4 /* MJRefreshHeaderView.m in Sources */,
				3516C79D1C049CBC007237B4 /* NSObject+MJIvar.m in Sources */,
				3516C7AA1C049CBD007237B4 /* MJRefreshFooterView.m in Sources */,
				356DD28C1BFE0A6000C0294B /* ALTitleButton.m in Sources */,
				3516C7991C049CBC007237B4 /* MJFoundation.m in Sources */,
				3516C7A31C049CBD007237B4 /* MJPhotoProgressView.m in Sources */,
				35390F331BFC46B6006584F8 /* UIImage+Image.m in Sources */,
				3516C7B81C049CBD007237B4 /* UIButton+WebCache.m in Sources */,
				3516C7AD1C049CBD007237B4 /* UIScrollView+MJRefresh.m in Sources */,
				3516C7BD1C049CBD007237B4 /* UIImageView+WebCache.m in Sources */,
				35715E7F1BFCBB070051914A /* UIView+Frame.m in Sources */,
				3516C78F1C049CBC007237B4 /* AFNetworkReachabilityManager.m in Sources */,
				3516C7B41C049CBD007237B4 /* SDWebImageDownloader.m in Sources */,
				3516C79B1C049CBC007237B4 /* MJType.m in Sources */,
				35C79C861BFF035F00C7A8E7 /* ALMessageViewController.m in Sources */,
				3516C7BB1C049CBD007237B4 /* UIImage+WebP.m in Sources */,
				35F7D4981C1847B800DCEA8D /* ALUser.m in Sources */,
				35715E7C1BFCB7E40051914A /* ALBadgeView.m in Sources */,
				3516C7941C049CBC007237B4 /* AFURLSessionManager.m in Sources */,
				356DD28F1BFE0E5600C0294B /* UIBarButtonItem+Item.m in Sources */,
				3516C7AE1C049CBD007237B4 /* UIView+MJExtension.m in Sources */,
				355FDC551C01FDF8007132A3 /* ALNewFeatureCell.m in Sources */,
				3516C79F1C049CBD007237B4 /* MJPhoto.m in Sources */,
				35390F301BFC46B6006584F8 /* ALTabBarController.m in Sources */,
				356DD2921BFE1A0500C0294B /* ALPopMenu.m in Sources */,
				35715E791BFCB78F0051914A /* ALTabBarButton.m in Sources */,
				3516C7B21C049CBD007237B4 /* SDWebImageCompat.m in Sources */,
				356DD27C1BFDC1EF00C0294B /* ALNavigationController.m in Sources */,
				3516C7A41C049CBD007237B4 /* MJPhotoToolbar.m in Sources */,
				35390F341BFC46B6006584F8 /* main.m in Sources */,
				352A3ECA1BFA2C370013ED3F /* ArcBlog.xcdatamodeld in Sources */,
				3516C7901C049CBC007237B4 /* AFSecurityPolicy.m in Sources */,
				3516C7B31C049CBD007237B4 /* SDWebImageDecoder.m in Sources */,
				3516C7BE1C049CBD007237B4 /* UIView+WebCacheOperation.m in Sources */,
				3516C7A61C049CBD007237B4 /* SDWebImageManager+MJ.m in Sources */,
				3516C7A91C049CBD007237B4 /* MJRefreshConst.m in Sources */,
				35C9FBBD1C17078800144BF3 /* ALRootTool.m in Sources */,
				3516C78D1C049CBC007237B4 /* AFHTTPRequestOperationManager.m in Sources */,
				35128E8F1C05B00B001364DB /* ALAccount.m in Sources */,
				3516C7971C049CBC007237B4 /* MBProgressHUD.m in Sources */,
				3516C78E1C049CBC007237B4 /* AFHTTPSessionManager.m in Sources */,
				356DD2851BFDD56C00C0294B /* ALCover.m in Sources */,
				355FDC521C01F845007132A3 /* ALNewFeatureController.m in Sources */,
				3516C78C1C049CBC007237B4 /* AFHTTPRequestOperation.m in Sources */,
				356DD2821BFDC40D00C0294B /* ALSearchBar.m in Sources */,
				3516C7A11C049CBD007237B4 /* MJPhotoBrowser.m in Sources */,
				3516C7B11C049CBD007237B4 /* SDImageCache.m in Sources */,
				3516C7931C049CBC007237B4 /* AFURLResponseSerialization.m in Sources */,
				3516C7AF1C049CBD007237B4 /* MKAnnotationView+WebCache.m in Sources */,
				3516C7981C049CBC007237B4 /* MJConst.m in Sources */,
				3516C7A81C049CBD007237B4 /* MJRefreshBaseView.m in Sources */,
				3516C7B51C049CBD007237B4 /* SDWebImageDownloaderOperation.m in Sources */,
				3516C7B01C049CBD007237B4 /* NSData+ImageContentType.m in Sources */,
				3516C7BC1C049CBD007237B4 /* UIImageView+HighlightedWebCache.m in Sources */,
				359A2BB91C0345F1000A21A2 /* ALOAuthViewController.m in Sources */,
			);
			runOnlyForDeploymentPostprocessing = 0;
		};
		352A3ED11BFA2C370013ED3F /* Sources */ = {
			isa = PBXSourcesBuildPhase;
			buildActionMask = 2147483647;
			files = (
				352A3EDA1BFA2C370013ED3F /* ArcBlogTests.m in Sources */,
			);
			runOnlyForDeploymentPostprocessing = 0;
		};
		352A3EDC1BFA2C370013ED3F /* Sources */ = {
			isa = PBXSourcesBuildPhase;
			buildActionMask = 2147483647;
			files = (
				352A3EE51BFA2C380013ED3F /* ArcBlogUITests.m in Sources */,
			);
			runOnlyForDeploymentPostprocessing = 0;
		};
/* End PBXSourcesBuildPhase section */

/* Begin PBXTargetDependency section */
		352A3ED71BFA2C370013ED3F /* PBXTargetDependency */ = {
			isa = PBXTargetDependency;
			target = 352A3EB81BFA2C370013ED3F /* ArcBlog */;
			targetProxy = 352A3ED61BFA2C370013ED3F /* PBXContainerItemProxy */;
		};
		352A3EE21BFA2C380013ED3F /* PBXTargetDependency */ = {
			isa = PBXTargetDependency;
			target = 352A3EB81BFA2C370013ED3F /* ArcBlog */;
			targetProxy = 352A3EE11BFA2C380013ED3F /* PBXContainerItemProxy */;
		};
/* End PBXTargetDependency section */

/* Begin PBXVariantGroup section */
		352A3ECD1BFA2C370013ED3F /* LaunchScreen.storyboard */ = {
			isa = PBXVariantGroup;
			children = (
				352A3ECE1BFA2C370013ED3F /* Base */,
			);
			name = LaunchScreen.storyboard;
			sourceTree = "<group>";
		};
/* End PBXVariantGroup section */

/* Begin XCBuildConfiguration section */
		352A3EE71BFA2C380013ED3F /* Debug */ = {
			isa = XCBuildConfiguration;
			buildSettings = {
				ALWAYS_SEARCH_USER_PATHS = NO;
				CLANG_CXX_LANGUAGE_STANDARD = "gnu++0x";
				CLANG_CXX_LIBRARY = "libc++";
				CLANG_ENABLE_MODULES = YES;
				CLANG_ENABLE_OBJC_ARC = YES;
				CLANG_WARN_BOOL_CONVERSION = YES;
				CLANG_WARN_CONSTANT_CONVERSION = YES;
				CLANG_WARN_DIRECT_OBJC_ISA_USAGE = YES_ERROR;
				CLANG_WARN_EMPTY_BODY = YES;
				CLANG_WARN_ENUM_CONVERSION = YES;
				CLANG_WARN_INT_CONVERSION = YES;
				CLANG_WARN_OBJC_ROOT_CLASS = YES_ERROR;
				CLANG_WARN_UNREACHABLE_CODE = YES;
				CLANG_WARN__DUPLICATE_METHOD_MATCH = YES;
				"CODE_SIGN_IDENTITY[sdk=iphoneos*]" = "iPhone Developer";
				COPY_PHASE_STRIP = NO;
				DEBUG_INFORMATION_FORMAT = dwarf;
				ENABLE_STRICT_OBJC_MSGSEND = YES;
				ENABLE_TESTABILITY = YES;
				GCC_C_LANGUAGE_STANDARD = gnu99;
				GCC_DYNAMIC_NO_PIC = NO;
				GCC_NO_COMMON_BLOCKS = YES;
				GCC_OPTIMIZATION_LEVEL = 0;
				GCC_PREPROCESSOR_DEFINITIONS = (
					"DEBUG=1",
					"$(inherited)",
				);
				GCC_WARN_64_TO_32_BIT_CONVERSION = YES;
				GCC_WARN_ABOUT_RETURN_TYPE = YES_ERROR;
				GCC_WARN_UNDECLARED_SELECTOR = YES;
				GCC_WARN_UNINITIALIZED_AUTOS = YES_AGGRESSIVE;
				GCC_WARN_UNUSED_FUNCTION = YES;
				GCC_WARN_UNUSED_VARIABLE = YES;
				IPHONEOS_DEPLOYMENT_TARGET = 9.1;
				MTL_ENABLE_DEBUG_INFO = YES;
				ONLY_ACTIVE_ARCH = YES;
				SDKROOT = iphoneos;
				TARGETED_DEVICE_FAMILY = "1,2";
			};
			name = Debug;
		};
		352A3EE81BFA2C380013ED3F /* Release */ = {
			isa = XCBuildConfiguration;
			buildSettings = {
				ALWAYS_SEARCH_USER_PATHS = NO;
				CLANG_CXX_LANGUAGE_STANDARD = "gnu++0x";
				CLANG_CXX_LIBRARY = "libc++";
				CLANG_ENABLE_MODULES = YES;
				CLANG_ENABLE_OBJC_ARC = YES;
				CLANG_WARN_BOOL_CONVERSION = YES;
				CLANG_WARN_CONSTANT_CONVERSION = YES;
				CLANG_WARN_DIRECT_OBJC_ISA_USAGE = YES_ERROR;
				CLANG_WARN_EMPTY_BODY = YES;
				CLANG_WARN_ENUM_CONVERSION = YES;
				CLANG_WARN_INT_CONVERSION = YES;
				CLANG_WARN_OBJC_ROOT_CLASS = YES_ERROR;
				CLANG_WARN_UNREACHABLE_CODE = YES;
				CLANG_WARN__DUPLICATE_METHOD_MATCH = YES;
				"CODE_SIGN_IDENTITY[sdk=iphoneos*]" = "iPhone Developer";
				COPY_PHASE_STRIP = NO;
				DEBUG_INFORMATION_FORMAT = "dwarf-with-dsym";
				ENABLE_NS_ASSERTIONS = NO;
				ENABLE_STRICT_OBJC_MSGSEND = YES;
				GCC_C_LANGUAGE_STANDARD = gnu99;
				GCC_NO_COMMON_BLOCKS = YES;
				GCC_WARN_64_TO_32_BIT_CONVERSION = YES;
				GCC_WARN_ABOUT_RETURN_TYPE = YES_ERROR;
				GCC_WARN_UNDECLARED_SELECTOR = YES;
				GCC_WARN_UNINITIALIZED_AUTOS = YES_AGGRESSIVE;
				GCC_WARN_UNUSED_FUNCTION = YES;
				GCC_WARN_UNUSED_VARIABLE = YES;
				IPHONEOS_DEPLOYMENT_TARGET = 9.1;
				MTL_ENABLE_DEBUG_INFO = NO;
				SDKROOT = iphoneos;
				TARGETED_DEVICE_FAMILY = "1,2";
				VALIDATE_PRODUCT = YES;
			};
			name = Release;
		};
		352A3EEA1BFA2C380013ED3F /* Debug */ = {
			isa = XCBuildConfiguration;
			buildSettings = {
				ASSETCATALOG_COMPILER_APPICON_NAME = AppIcon;
				ASSETCATALOG_COMPILER_LAUNCHIMAGE_NAME = "Brand Assets";
				CODE_SIGN_IDENTITY = "iPhone Developer";
				GCC_PRECOMPILE_PREFIX_HEADER = YES;
				GCC_PREFIX_HEADER = ArcBlog/Classes/Other/ArcBlog.pch;
				INFOPLIST_FILE = ArcBlog/Info.plist;
				IPHONEOS_DEPLOYMENT_TARGET = 7.0;
				LD_RUNPATH_SEARCH_PATHS = "$(inherited) @executable_path/Frameworks";
				LINKER_DISPLAYS_MANGLED_NAMES = NO;
				PRODUCT_BUNDLE_IDENTIFIER = com.sziit.ArcBlog;
				PRODUCT_NAME = ArcBlog;
			};
			name = Debug;
		};
		352A3EEB1BFA2C380013ED3F /* Release */ = {
			isa = XCBuildConfiguration;
			buildSettings = {
				ASSETCATALOG_COMPILER_APPICON_NAME = AppIcon;
				ASSETCATALOG_COMPILER_LAUNCHIMAGE_NAME = "Brand Assets";
				CODE_SIGN_IDENTITY = "iPhone Developer";
				GCC_PRECOMPILE_PREFIX_HEADER = YES;
				GCC_PREFIX_HEADER = ArcBlog/Classes/Other/ArcBlog.pch;
				INFOPLIST_FILE = ArcBlog/Info.plist;
				IPHONEOS_DEPLOYMENT_TARGET = 7.0;
				LD_RUNPATH_SEARCH_PATHS = "$(inherited) @executable_path/Frameworks";
				LINKER_DISPLAYS_MANGLED_NAMES = NO;
				PRODUCT_BUNDLE_IDENTIFIER = com.sziit.ArcBlog;
				PRODUCT_NAME = ArcBlog;
			};
			name = Release;
		};
		352A3EED1BFA2C380013ED3F /* Debug */ = {
			isa = XCBuildConfiguration;
			buildSettings = {
				BUNDLE_LOADER = "$(TEST_HOST)";
				INFOPLIST_FILE = ArcBlogTests/Info.plist;
				LD_RUNPATH_SEARCH_PATHS = "$(inherited) @executable_path/Frameworks @loader_path/Frameworks";
				PRODUCT_BUNDLE_IDENTIFIER = com.sziit.ArcBlogTests;
				PRODUCT_NAME = ArcBlog;
				TEST_HOST = "$(BUILT_PRODUCTS_DIR)/ArcBlog.app/ArcBlog";
			};
			name = Debug;
		};
		352A3EEE1BFA2C380013ED3F /* Release */ = {
			isa = XCBuildConfiguration;
			buildSettings = {
				BUNDLE_LOADER = "$(TEST_HOST)";
				INFOPLIST_FILE = ArcBlogTests/Info.plist;
				LD_RUNPATH_SEARCH_PATHS = "$(inherited) @executable_path/Frameworks @loader_path/Frameworks";
				PRODUCT_BUNDLE_IDENTIFIER = com.sziit.ArcBlogTests;
				PRODUCT_NAME = ArcBlog;
				TEST_HOST = "$(BUILT_PRODUCTS_DIR)/ArcBlog.app/ArcBlog";
			};
			name = Release;
		};
		352A3EF01BFA2C380013ED3F /* Debug */ = {
			isa = XCBuildConfiguration;
			buildSettings = {
				INFOPLIST_FILE = ArcBlogUITests/Info.plist;
				LD_RUNPATH_SEARCH_PATHS = "$(inherited) @executable_path/Frameworks @loader_path/Frameworks";
				PRODUCT_BUNDLE_IDENTIFIER = com.sziit.ArcBlogUITests;
				PRODUCT_NAME = ArcBlog;
				TEST_TARGET_NAME = ArcBlog;
				USES_XCTRUNNER = YES;
			};
			name = Debug;
		};
		352A3EF11BFA2C380013ED3F /* Release */ = {
			isa = XCBuildConfiguration;
			buildSettings = {
				INFOPLIST_FILE = ArcBlogUITests/Info.plist;
				LD_RUNPATH_SEARCH_PATHS = "$(inherited) @executable_path/Frameworks @loader_path/Frameworks";
				PRODUCT_BUNDLE_IDENTIFIER = com.sziit.ArcBlogUITests;
				PRODUCT_NAME = ArcBlog;
				TEST_TARGET_NAME = ArcBlog;
				USES_XCTRUNNER = YES;
			};
			name = Release;
		};
/* End XCBuildConfiguration section */

/* Begin XCConfigurationList section */
		352A3EB41BFA2C370013ED3F /* Build configuration list for PBXProject "ArcBlog" */ = {
			isa = XCConfigurationList;
			buildConfigurations = (
				352A3EE71BFA2C380013ED3F /* Debug */,
				352A3EE81BFA2C380013ED3F /* Release */,
			);
			defaultConfigurationIsVisible = 0;
			defaultConfigurationName = Release;
		};
		352A3EE91BFA2C380013ED3F /* Build configuration list for PBXNativeTarget "ArcBlog" */ = {
			isa = XCConfigurationList;
			buildConfigurations = (
				352A3EEA1BFA2C380013ED3F /* Debug */,
				352A3EEB1BFA2C380013ED3F /* Release */,
			);
			defaultConfigurationIsVisible = 0;
			defaultConfigurationName = Release;
		};
		352A3EEC1BFA2C380013ED3F /* Build configuration list for PBXNativeTarget "ArcBlogTests" */ = {
			isa = XCConfigurationList;
			buildConfigurations = (
				352A3EED1BFA2C380013ED3F /* Debug */,
				352A3EEE1BFA2C380013ED3F /* Release */,
			);
			defaultConfigurationIsVisible = 0;
			defaultConfigurationName = Release;
		};
		352A3EEF1BFA2C380013ED3F /* Build configuration list for PBXNativeTarget "ArcBlogUITests" */ = {
			isa = XCConfigurationList;
			buildConfigurations = (
				352A3EF01BFA2C380013ED3F /* Debug */,
				352A3EF11BFA2C380013ED3F /* Release */,
			);
			defaultConfigurationIsVisible = 0;
			defaultConfigurationName = Release;
		};
/* End XCConfigurationList section */

/* Begin XCVersionGroup section */
		352A3EC81BFA2C370013ED3F /* ArcBlog.xcdatamodeld */ = {
			isa = XCVersionGroup;
			children = (
				352A3EC91BFA2C370013ED3F /* ArcBlog.xcdatamodel */,
			);
			currentVersion = 352A3EC91BFA2C370013ED3F /* ArcBlog.xcdatamodel */;
			path = ArcBlog.xcdatamodeld;
			sourceTree = "<group>";
			versionGroupType = wrapper.xcdatamodel;
		};
/* End XCVersionGroup section */
	};
	rootObject = 352A3EB11BFA2C370013ED3F /* Project object */;
}
